{
  "version": 4,
  "terraform_version": "1.4.2",
  "serial": 34,
  "lineage": "c9e4a8b9-924b-a9e6-be02-7c444cfca89d",
  "outputs": {
    "current_ip_address": {
      "value": "15.207.255.36",
      "type": "string"
    },
    "keyvault_url": {
      "value": "https://bwco-ent-prod-edh-use-kv.vault.azure.net/",
      "type": "string"
    }
  },
  "resources": [
    {
      "mode": "data",
      "type": "azurerm_client_config",
      "name": "current",
      "provider": "provider[\"registry.terraform.io/hashicorp/azurerm\"]",
      "instances": [
        {
          "schema_version": 0,
          "attributes": {
            "client_id": "04b07795-8ddb-461a-bbee-02f9e1bf7b46",
            "id": "Y2xpZW50Q29uZmlncy9jbGllbnRJZD0wNGIwNzc5NS04ZGRiLTQ2MWEtYmJlZS0wMmY5ZTFiZjdiNDY7b2JqZWN0SWQ9NjExZDE5M2UtOTIzYS00OTU5LWJmZGMtNjhlNWM0NjdkN2MxO3N1YnNjcmlwdGlvbklkPWQwY2ZhMTFjLTY1ZGQtNDNkOC04MjljLWY4ODM3MDVhYmE4YTt0ZW5hbnRJZD02MTkyODJmNy1kMWRjLTQ5ZjQtODU3Zi04NmE4Mjc2MzYwNTI=",
            "object_id": "611d193e-923a-4959-bfdc-68e5c467d7c1",
            "subscription_id": "d0cfa11c-65dd-43d8-829c-f883705aba8a",
            "tenant_id": "619282f7-d1dc-49f4-857f-86a827636052",
            "timeouts": null
          },
          "sensitive_attributes": []
        }
      ]
    },
    {
      "mode": "data",
      "type": "azurerm_resource_group",
      "name": "primary_rg",
      "provider": "provider[\"registry.terraform.io/hashicorp/azurerm\"]",
      "instances": [
        {
          "schema_version": 0,
          "attributes": {
            "id": "/subscriptions/d0cfa11c-65dd-43d8-829c-f883705aba8a/resourceGroups/BWCO-ENT-PROD-EDH",
            "location": "eastus",
            "managed_by": "",
            "name": "BWCO-ENT-PROD-EDH",
            "tags": {
              "Division": "ENT",
              "Platform": "BWCO"
            },
            "timeouts": null
          },
          "sensitive_attributes": []
        }
      ]
    },
    {
      "mode": "data",
      "type": "http",
      "name": "current_user_public_ip",
      "provider": "provider[\"registry.terraform.io/hashicorp/http\"]",
      "instances": [
        {
          "schema_version": 0,
          "attributes": {
            "body": "\u003c!DOCTYPE html\u003e\u003chtml lang=\"en-US\"\u003e\u003chead\u003e\u003ctitle\u003eJust a moment...\u003c/title\u003e\u003cmeta http-equiv=\"Content-Type\" content=\"text/html; charset=UTF-8\"\u003e\u003cmeta http-equiv=\"X-UA-Compatible\" content=\"IE=Edge\"\u003e\u003cmeta name=\"robots\" content=\"noindex,nofollow\"\u003e\u003cmeta name=\"viewport\" content=\"width=device-width,initial-scale=1\"\u003e\u003clink href=\"/cdn-cgi/styles/challenges.css\" rel=\"stylesheet\"\u003e\u003cmeta http-equiv=\"refresh\" content=\"375\"\u003e\u003c/head\u003e\u003cbody class=\"no-js\"\u003e\u003cdiv class=\"main-wrapper\" role=\"main\"\u003e\u003cdiv class=\"main-content\"\u003e\u003cnoscript\u003e\u003cdiv id=\"challenge-error-title\"\u003e\u003cdiv class=\"h2\"\u003e\u003cspan class=\"icon-wrapper\"\u003e\u003cdiv class=\"heading-icon warning-icon\"\u003e\u003c/div\u003e\u003c/span\u003e\u003cspan id=\"challenge-error-text\"\u003eEnable JavaScript and cookies to continue\u003c/span\u003e\u003c/div\u003e\u003c/div\u003e\u003c/noscript\u003e\u003c/div\u003e\u003c/div\u003e\u003cscript\u003e(function(){window._cf_chl_opt={cvId: '2',cZone: \"ifconfig.co\",cType: 'managed',cNounce: '21913',cRay: '843d98cc4bc618ec',cHash: '5cac8b4a2f5b57a',cUPMDTk: \"\\/json?__cf_chl_tk=9.bNVyH5FJyx2lShNr.c1iImfSXCVYg7fsnordBh9jA-1704980691-0-gaNycGzNCaU\",cFPWv: 'b',cTTimeMs: '1000',cMTimeMs: '375000',cTplV: 5,cTplB: 'cf',cK: \"visitor-time\",fa: \"\\/json?__cf_chl_f_tk=9.bNVyH5FJyx2lShNr.c1iImfSXCVYg7fsnordBh9jA-1704980691-0-gaNycGzNCaU\",md: \"prCp209e7L1QcSlHqaJ__wxEr88WWaVNKbkzyNWx7ng-1704980691-1-AQVxgEGbnWv1lBjXupaAjfebTmBsPxkZRPRkaq_CuR1FCEWUVgY28zIIzboJVnxugvuemtvu5N-jid0pVx0jh7V75jcdCb0lKm4HQgTjjcyn1Vy192vWOXPygrobza252MUtkpiH-gHfYnXh3t9KVzfFqa5PFrivRldoYmMV7x1MFqHBO_lchMevb8t4ibxmTLMcJA57O5RSRHFu_KiqC6dmVQJnkNHN0MsGQO4VjesKn8AZpywuZ6zoFrQN72tLAE4tnIM_0xrl1ik2Cr9BQzjZyvHeqKmQHeVohyQ2Vioc4AyQ-AMtupABw9PuVo6EoBTZ7tYvfgfKaYNFuaA2BdtEZZFK_3Db8Huo0cZ4rwQG6zBQmn7-IIKTr-qVl2sYcFkdjt_RQiQmL7NJ0M1t3KE-L2rr4X9-8w34UsX6cftPp3d12PW37Pl52p1srYA4RewRfAeo0QLNHiLHyu1kKi_xzle2VXm8Jx6oXGDOhJPOMZC-mrCKepqFT4AtQG7LziCj2Eo8uWIjRbJtZXwURZK9oe_A5Nfbu2MdR2kj0svj8BBXRZ4T4Js4ZVn_Y_POG9SPXGYTC2omEdTJARmk_PdZPxjTmGq-bfoFwmFapsjn589Fay4SRODopXcXtRodNJotEMsxCe2qI1JNJf91ESHH7lN6kJS7zFuXpn_ZmAyG4KC-VgmInikCwpnYW4VYoavqxLf2RcsenoMBBxj_s5w2AhxjUM4rw1UxpgwoExV4J5d0feEpxtSRxVTHXWI3h3tEH2uqvJRsSOrLV893JQGT10tZIe7XbKZkoHCnFIk-AGY8g1zvjWvpJpKANGVK87tvSIkjAOPQUgXDPeRGRBGyObGj-i1S5HTb31hI6vxwXR5-qo85-gjcDXKSFpZz8aayeek9jz0CmfSTN8qYykCzHYUPcXkZonpoZd5-TGBj2D5l8K3gg8K_VLA_vufeHviHIYgTMbJlquwPDLpt5g_Ucgm9l4UFeexIsrZo89CHPtPYqqD7icBdUxRrgWo8UKbTRZYx27sWgXtJ91lnqG8qfudxyvLSVCFMNHHTCFJUxNtynV52i_8T_uH9GsEjMu7knwWs940Q3eeNdbWWxrWPOnJsCvnojyxkkH3hOJCAROExXejutxfThW_gf-TSLe2XydxbDspwnWClqbEqVaOi4cs8Sfd1SqLNR1RRgcH6PNTI0m4BCIlQGUX5Ms57zsaJftxcjXqnyXcA7UbdXQJIp3SoEyq9Jv3ZRJ-Zj2ucuJgJm7hfMpMCgbEZbGHA7bWdkUULLNNuxXjCThwrpr8KfUTA1tPefjWB42XNY0VkIhq5XGwUyoazRpqH7QbzM8R7Ccw_mnbFZTJfjUj2_neJlaOLStglgNMHumc1vsDtvXeeAeUkCqDjnQ4b-7LIkgk2B0PKs9X04dEZY8Mt_1k3CTIs3FVEVKcpC1N5-dLnXLXsK1OAOp3NmObrnXs13U9kQv6cO7vdOMKfcpyXlynGSYe5Pcb6cjM8zJZDIN9op044qV9DK3fWv-8voOoaEfzL6euUA-mOvKuh7XVsawtnDEChpbfBH2NqvQbl_uVvqIXAwPnXPzy-nS78UPkX5c61keVnysFstr_Km-xcSSPux80_3wwCPEdh3vIddRS17H60ZYd9D5rmJVeDJeLOG6vhMcRiaJ7Di6JQFrSTzcNLlozg0VJj1rwcUosqkh_zrlxi0VmoJgLdCgw-HIYfsgH-4d8nD76b62eEwK_V6udjgrMegtry6MmKgvqWuFYiGPRgKlmtXCbmAFt6Hjsb_0Il6ss0_76lEVD9grcn22cytglPKJZdYhWmp8xWUI9GEkbDjJNK2fIhGnaW1p0IzhFBq6XVlHS1xAaWYfZ6V4gYjiZ_8Jai9tLV7Y3Z_6F1xB5bTzcRj1gM7w0yPcv19BEk7oHYhkv0WqWQ-uFYbPnquIRTLY0Pzm-R-h-QtCvJPtTg-Fe39YQOeXXj9M7KKf_ZLUy3Q3hhHl94nNYXCWmYcQr2mbZjhgPcm1paDkHARpzthvTkCj6E9q2JIdqCbz5LsNjo6D84yYUnca7DJl6yR4ZO-9nLLcqa7icURwO1Ccvya63LcJPUOmW5zgc8G275Y-ixhStcyW0X0RbU_2mmyGu46sgLNH3IX_O3ri4ToGmdKaJwz6bHHZ83DkdPvKhn4Zd35GcACXzujwAyvG9hP0JsPTuC_BbmqaNAw89EN7e8P2NcWm8-pGoZ0ZeG506imNd9oe8Q1umh9FnPbHe4mXtLdG5V4uZbFVVvhY7o75GBE3EEeP4loX-KHceikzKU_eR_Sa-9EEJKXQ3vtqQlao54fRzba90oqV4RmsQjq3Tv5IaGuLb3ME8-fqOd-0C03WWxyFgwg5b3rTvuSr00QCsPpAi7lyiz5qX8-vmh\",cRq: {ru: 'aHR0cHM6Ly9pZmNvbmZpZy5jby9qc29u',ra: 'R28taHR0cC1jbGllbnQvMi4w',rm: 'R0VU',d: 'M1yU1zYNmrp5TC4nknmfUdW+wk6szZ/1XAgRSUu/qwpHBKN11InKlFmphN3Vyc3hIC5nYp355q/sDw5Ihgke0i7Wx2vKEsDdr0L4zhgDC50jVGCKCg/nQ8U02Pu+vIOMd+o+ild4yOyrQt49g6NMmE782cQuBzQIkEIGJ5moRu4cyp5HuVn/xS01Ll22CHz8oJ5L7O/Oyn0/57QNwe6yEBUItl5ksPROzu1NULoQ08xmeMl0FeZyAouGwEaLJYXJ1GyznwopCBPxFqerBvAmtNI6MVZbax7bFqHAr2NFLgYK9RPkNqUp51Kru8pFR1GerxbXImHM4VwgT/1pTiBnG+r+bmJjdss2N5ZsBee5YTX+umaqeD0/nPWakqMTGg1uiuYbosLpvccED3NzYXd/1zqFcLF/YmhNSdPN8HkY5QLvJW8uu6C/8bqI2SR1kjOw1cUCXgDpAtswT2LtENY+Q6FHxk28Z3lvTwx8YFoVAOXvpELQE7pntKLXtL5IpzNyldgURhvJYjpaXSePQq7BXnZd8/wAmVI+Q+5V8Ca/liQ=',t: 'MTcwNDk4MDY5MS44OTMwMDA=',cT: Math.floor(Date.now() / 1000),m: '6+lQU7of222lM3T3bBHoVNbm9F39dWMQ/uzMicewHlU=',i1: 'Gi9+rRAPzcdpBAYZbEfj5Q==',i2: 'ZyZQCzvrIOj+M38S/zuAig==',zh: 'wfxagHEJWT3JG7Kg7GGlyGD+aeLZ/HC9BE3wDXuEzqE=',uh: 'AN+5vvENMpdOACvuRa1plLx7uNq9y3wYG+zurIv4jHM=',hh: 'am/Zv95ZWAcmK4pRq/3uE/0XoTs/sjoPLUYI0lCN1aE=',}};var cpo = document.createElement('script');cpo.src = '/cdn-cgi/challenge-platform/h/b/orchestrate/chl_page/v1?ray=843d98cc4bc618ec';window._cf_chl_opt.cOgUHash = location.hash === '' \u0026\u0026 location.href.indexOf('#') !== -1 ? '#' : location.hash;window._cf_chl_opt.cOgUQuery = location.search === '' \u0026\u0026 location.href.slice(0, location.href.length - window._cf_chl_opt.cOgUHash.length).indexOf('?') !== -1 ? '?' : location.search;if (window.history \u0026\u0026 window.history.replaceState) {var ogU = location.pathname + window._cf_chl_opt.cOgUQuery + window._cf_chl_opt.cOgUHash;history.replaceState(null, null, \"\\/json?__cf_chl_rt_tk=9.bNVyH5FJyx2lShNr.c1iImfSXCVYg7fsnordBh9jA-1704980691-0-gaNycGzNCaU\" + window._cf_chl_opt.cOgUHash);cpo.onload = function() {history.replaceState(null, null, ogU);}}document.getElementsByTagName('head')[0].appendChild(cpo);}());\u003c/script\u003e\u003c/body\u003e\u003c/html\u003e",
            "ca_cert_pem": null,
            "id": "https://ifconfig.co/json",
            "insecure": null,
            "method": null,
            "request_body": null,
            "request_headers": {
              "Accept": "application/json"
            },
            "request_timeout_ms": null,
            "response_body": "\u003c!DOCTYPE html\u003e\u003chtml lang=\"en-US\"\u003e\u003chead\u003e\u003ctitle\u003eJust a moment...\u003c/title\u003e\u003cmeta http-equiv=\"Content-Type\" content=\"text/html; charset=UTF-8\"\u003e\u003cmeta http-equiv=\"X-UA-Compatible\" content=\"IE=Edge\"\u003e\u003cmeta name=\"robots\" content=\"noindex,nofollow\"\u003e\u003cmeta name=\"viewport\" content=\"width=device-width,initial-scale=1\"\u003e\u003clink href=\"/cdn-cgi/styles/challenges.css\" rel=\"stylesheet\"\u003e\u003cmeta http-equiv=\"refresh\" content=\"375\"\u003e\u003c/head\u003e\u003cbody class=\"no-js\"\u003e\u003cdiv class=\"main-wrapper\" role=\"main\"\u003e\u003cdiv class=\"main-content\"\u003e\u003cnoscript\u003e\u003cdiv id=\"challenge-error-title\"\u003e\u003cdiv class=\"h2\"\u003e\u003cspan class=\"icon-wrapper\"\u003e\u003cdiv class=\"heading-icon warning-icon\"\u003e\u003c/div\u003e\u003c/span\u003e\u003cspan id=\"challenge-error-text\"\u003eEnable JavaScript and cookies to continue\u003c/span\u003e\u003c/div\u003e\u003c/div\u003e\u003c/noscript\u003e\u003c/div\u003e\u003c/div\u003e\u003cscript\u003e(function(){window._cf_chl_opt={cvId: '2',cZone: \"ifconfig.co\",cType: 'managed',cNounce: '21913',cRay: '843d98cc4bc618ec',cHash: '5cac8b4a2f5b57a',cUPMDTk: \"\\/json?__cf_chl_tk=9.bNVyH5FJyx2lShNr.c1iImfSXCVYg7fsnordBh9jA-1704980691-0-gaNycGzNCaU\",cFPWv: 'b',cTTimeMs: '1000',cMTimeMs: '375000',cTplV: 5,cTplB: 'cf',cK: \"visitor-time\",fa: \"\\/json?__cf_chl_f_tk=9.bNVyH5FJyx2lShNr.c1iImfSXCVYg7fsnordBh9jA-1704980691-0-gaNycGzNCaU\",md: \"prCp209e7L1QcSlHqaJ__wxEr88WWaVNKbkzyNWx7ng-1704980691-1-AQVxgEGbnWv1lBjXupaAjfebTmBsPxkZRPRkaq_CuR1FCEWUVgY28zIIzboJVnxugvuemtvu5N-jid0pVx0jh7V75jcdCb0lKm4HQgTjjcyn1Vy192vWOXPygrobza252MUtkpiH-gHfYnXh3t9KVzfFqa5PFrivRldoYmMV7x1MFqHBO_lchMevb8t4ibxmTLMcJA57O5RSRHFu_KiqC6dmVQJnkNHN0MsGQO4VjesKn8AZpywuZ6zoFrQN72tLAE4tnIM_0xrl1ik2Cr9BQzjZyvHeqKmQHeVohyQ2Vioc4AyQ-AMtupABw9PuVo6EoBTZ7tYvfgfKaYNFuaA2BdtEZZFK_3Db8Huo0cZ4rwQG6zBQmn7-IIKTr-qVl2sYcFkdjt_RQiQmL7NJ0M1t3KE-L2rr4X9-8w34UsX6cftPp3d12PW37Pl52p1srYA4RewRfAeo0QLNHiLHyu1kKi_xzle2VXm8Jx6oXGDOhJPOMZC-mrCKepqFT4AtQG7LziCj2Eo8uWIjRbJtZXwURZK9oe_A5Nfbu2MdR2kj0svj8BBXRZ4T4Js4ZVn_Y_POG9SPXGYTC2omEdTJARmk_PdZPxjTmGq-bfoFwmFapsjn589Fay4SRODopXcXtRodNJotEMsxCe2qI1JNJf91ESHH7lN6kJS7zFuXpn_ZmAyG4KC-VgmInikCwpnYW4VYoavqxLf2RcsenoMBBxj_s5w2AhxjUM4rw1UxpgwoExV4J5d0feEpxtSRxVTHXWI3h3tEH2uqvJRsSOrLV893JQGT10tZIe7XbKZkoHCnFIk-AGY8g1zvjWvpJpKANGVK87tvSIkjAOPQUgXDPeRGRBGyObGj-i1S5HTb31hI6vxwXR5-qo85-gjcDXKSFpZz8aayeek9jz0CmfSTN8qYykCzHYUPcXkZonpoZd5-TGBj2D5l8K3gg8K_VLA_vufeHviHIYgTMbJlquwPDLpt5g_Ucgm9l4UFeexIsrZo89CHPtPYqqD7icBdUxRrgWo8UKbTRZYx27sWgXtJ91lnqG8qfudxyvLSVCFMNHHTCFJUxNtynV52i_8T_uH9GsEjMu7knwWs940Q3eeNdbWWxrWPOnJsCvnojyxkkH3hOJCAROExXejutxfThW_gf-TSLe2XydxbDspwnWClqbEqVaOi4cs8Sfd1SqLNR1RRgcH6PNTI0m4BCIlQGUX5Ms57zsaJftxcjXqnyXcA7UbdXQJIp3SoEyq9Jv3ZRJ-Zj2ucuJgJm7hfMpMCgbEZbGHA7bWdkUULLNNuxXjCThwrpr8KfUTA1tPefjWB42XNY0VkIhq5XGwUyoazRpqH7QbzM8R7Ccw_mnbFZTJfjUj2_neJlaOLStglgNMHumc1vsDtvXeeAeUkCqDjnQ4b-7LIkgk2B0PKs9X04dEZY8Mt_1k3CTIs3FVEVKcpC1N5-dLnXLXsK1OAOp3NmObrnXs13U9kQv6cO7vdOMKfcpyXlynGSYe5Pcb6cjM8zJZDIN9op044qV9DK3fWv-8voOoaEfzL6euUA-mOvKuh7XVsawtnDEChpbfBH2NqvQbl_uVvqIXAwPnXPzy-nS78UPkX5c61keVnysFstr_Km-xcSSPux80_3wwCPEdh3vIddRS17H60ZYd9D5rmJVeDJeLOG6vhMcRiaJ7Di6JQFrSTzcNLlozg0VJj1rwcUosqkh_zrlxi0VmoJgLdCgw-HIYfsgH-4d8nD76b62eEwK_V6udjgrMegtry6MmKgvqWuFYiGPRgKlmtXCbmAFt6Hjsb_0Il6ss0_76lEVD9grcn22cytglPKJZdYhWmp8xWUI9GEkbDjJNK2fIhGnaW1p0IzhFBq6XVlHS1xAaWYfZ6V4gYjiZ_8Jai9tLV7Y3Z_6F1xB5bTzcRj1gM7w0yPcv19BEk7oHYhkv0WqWQ-uFYbPnquIRTLY0Pzm-R-h-QtCvJPtTg-Fe39YQOeXXj9M7KKf_ZLUy3Q3hhHl94nNYXCWmYcQr2mbZjhgPcm1paDkHARpzthvTkCj6E9q2JIdqCbz5LsNjo6D84yYUnca7DJl6yR4ZO-9nLLcqa7icURwO1Ccvya63LcJPUOmW5zgc8G275Y-ixhStcyW0X0RbU_2mmyGu46sgLNH3IX_O3ri4ToGmdKaJwz6bHHZ83DkdPvKhn4Zd35GcACXzujwAyvG9hP0JsPTuC_BbmqaNAw89EN7e8P2NcWm8-pGoZ0ZeG506imNd9oe8Q1umh9FnPbHe4mXtLdG5V4uZbFVVvhY7o75GBE3EEeP4loX-KHceikzKU_eR_Sa-9EEJKXQ3vtqQlao54fRzba90oqV4RmsQjq3Tv5IaGuLb3ME8-fqOd-0C03WWxyFgwg5b3rTvuSr00QCsPpAi7lyiz5qX8-vmh\",cRq: {ru: 'aHR0cHM6Ly9pZmNvbmZpZy5jby9qc29u',ra: 'R28taHR0cC1jbGllbnQvMi4w',rm: 'R0VU',d: 'M1yU1zYNmrp5TC4nknmfUdW+wk6szZ/1XAgRSUu/qwpHBKN11InKlFmphN3Vyc3hIC5nYp355q/sDw5Ihgke0i7Wx2vKEsDdr0L4zhgDC50jVGCKCg/nQ8U02Pu+vIOMd+o+ild4yOyrQt49g6NMmE782cQuBzQIkEIGJ5moRu4cyp5HuVn/xS01Ll22CHz8oJ5L7O/Oyn0/57QNwe6yEBUItl5ksPROzu1NULoQ08xmeMl0FeZyAouGwEaLJYXJ1GyznwopCBPxFqerBvAmtNI6MVZbax7bFqHAr2NFLgYK9RPkNqUp51Kru8pFR1GerxbXImHM4VwgT/1pTiBnG+r+bmJjdss2N5ZsBee5YTX+umaqeD0/nPWakqMTGg1uiuYbosLpvccED3NzYXd/1zqFcLF/YmhNSdPN8HkY5QLvJW8uu6C/8bqI2SR1kjOw1cUCXgDpAtswT2LtENY+Q6FHxk28Z3lvTwx8YFoVAOXvpELQE7pntKLXtL5IpzNyldgURhvJYjpaXSePQq7BXnZd8/wAmVI+Q+5V8Ca/liQ=',t: 'MTcwNDk4MDY5MS44OTMwMDA=',cT: Math.floor(Date.now() / 1000),m: '6+lQU7of222lM3T3bBHoVNbm9F39dWMQ/uzMicewHlU=',i1: 'Gi9+rRAPzcdpBAYZbEfj5Q==',i2: 'ZyZQCzvrIOj+M38S/zuAig==',zh: 'wfxagHEJWT3JG7Kg7GGlyGD+aeLZ/HC9BE3wDXuEzqE=',uh: 'AN+5vvENMpdOACvuRa1plLx7uNq9y3wYG+zurIv4jHM=',hh: 'am/Zv95ZWAcmK4pRq/3uE/0XoTs/sjoPLUYI0lCN1aE=',}};var cpo = document.createElement('script');cpo.src = '/cdn-cgi/challenge-platform/h/b/orchestrate/chl_page/v1?ray=843d98cc4bc618ec';window._cf_chl_opt.cOgUHash = location.hash === '' \u0026\u0026 location.href.indexOf('#') !== -1 ? '#' : location.hash;window._cf_chl_opt.cOgUQuery = location.search === '' \u0026\u0026 location.href.slice(0, location.href.length - window._cf_chl_opt.cOgUHash.length).indexOf('?') !== -1 ? '?' : location.search;if (window.history \u0026\u0026 window.history.replaceState) {var ogU = location.pathname + window._cf_chl_opt.cOgUQuery + window._cf_chl_opt.cOgUHash;history.replaceState(null, null, \"\\/json?__cf_chl_rt_tk=9.bNVyH5FJyx2lShNr.c1iImfSXCVYg7fsnordBh9jA-1704980691-0-gaNycGzNCaU\" + window._cf_chl_opt.cOgUHash);cpo.onload = function() {history.replaceState(null, null, ogU);}}document.getElementsByTagName('head')[0].appendChild(cpo);}());\u003c/script\u003e\u003c/body\u003e\u003c/html\u003e",
            "response_body_base64": "PCFET0NUWVBFIGh0bWw+PGh0bWwgbGFuZz0iZW4tVVMiPjxoZWFkPjx0aXRsZT5KdXN0IGEgbW9tZW50Li4uPC90aXRsZT48bWV0YSBodHRwLWVxdWl2PSJDb250ZW50LVR5cGUiIGNvbnRlbnQ9InRleHQvaHRtbDsgY2hhcnNldD1VVEYtOCI+PG1ldGEgaHR0cC1lcXVpdj0iWC1VQS1Db21wYXRpYmxlIiBjb250ZW50PSJJRT1FZGdlIj48bWV0YSBuYW1lPSJyb2JvdHMiIGNvbnRlbnQ9Im5vaW5kZXgsbm9mb2xsb3ciPjxtZXRhIG5hbWU9InZpZXdwb3J0IiBjb250ZW50PSJ3aWR0aD1kZXZpY2Utd2lkdGgsaW5pdGlhbC1zY2FsZT0xIj48bGluayBocmVmPSIvY2RuLWNnaS9zdHlsZXMvY2hhbGxlbmdlcy5jc3MiIHJlbD0ic3R5bGVzaGVldCI+PG1ldGEgaHR0cC1lcXVpdj0icmVmcmVzaCIgY29udGVudD0iMzc1Ij48L2hlYWQ+PGJvZHkgY2xhc3M9Im5vLWpzIj48ZGl2IGNsYXNzPSJtYWluLXdyYXBwZXIiIHJvbGU9Im1haW4iPjxkaXYgY2xhc3M9Im1haW4tY29udGVudCI+PG5vc2NyaXB0PjxkaXYgaWQ9ImNoYWxsZW5nZS1lcnJvci10aXRsZSI+PGRpdiBjbGFzcz0iaDIiPjxzcGFuIGNsYXNzPSJpY29uLXdyYXBwZXIiPjxkaXYgY2xhc3M9ImhlYWRpbmctaWNvbiB3YXJuaW5nLWljb24iPjwvZGl2Pjwvc3Bhbj48c3BhbiBpZD0iY2hhbGxlbmdlLWVycm9yLXRleHQiPkVuYWJsZSBKYXZhU2NyaXB0IGFuZCBjb29raWVzIHRvIGNvbnRpbnVlPC9zcGFuPjwvZGl2PjwvZGl2Pjwvbm9zY3JpcHQ+PC9kaXY+PC9kaXY+PHNjcmlwdD4oZnVuY3Rpb24oKXt3aW5kb3cuX2NmX2NobF9vcHQ9e2N2SWQ6ICcyJyxjWm9uZTogImlmY29uZmlnLmNvIixjVHlwZTogJ21hbmFnZWQnLGNOb3VuY2U6ICcyMTkxMycsY1JheTogJzg0M2Q5OGNjNGJjNjE4ZWMnLGNIYXNoOiAnNWNhYzhiNGEyZjViNTdhJyxjVVBNRFRrOiAiXC9qc29uP19fY2ZfY2hsX3RrPTkuYk5WeUg1Rkp5eDJsU2hOci5jMWlJbWZTWENWWWc3ZnNub3JkQmg5akEtMTcwNDk4MDY5MS0wLWdhTnljR3pOQ2FVIixjRlBXdjogJ2InLGNUVGltZU1zOiAnMTAwMCcsY01UaW1lTXM6ICczNzUwMDAnLGNUcGxWOiA1LGNUcGxCOiAnY2YnLGNLOiAidmlzaXRvci10aW1lIixmYTogIlwvanNvbj9fX2NmX2NobF9mX3RrPTkuYk5WeUg1Rkp5eDJsU2hOci5jMWlJbWZTWENWWWc3ZnNub3JkQmg5akEtMTcwNDk4MDY5MS0wLWdhTnljR3pOQ2FVIixtZDogInByQ3AyMDllN0wxUWNTbEhxYUpfX3d4RXI4OFdXYVZOS2JrenlOV3g3bmctMTcwNDk4MDY5MS0xLUFRVnhnRUdibld2MWxCalh1cGFBamZlYlRtQnNQeGtaUlBSa2FxX0N1UjFGQ0VXVVZnWTI4eklJemJvSlZueHVndnVlbXR2dTVOLWppZDBwVngwamg3Vjc1amNkQ2IwbEttNEhRZ1RqamN5bjFWeTE5MnZXT1hQeWdyb2J6YTI1Mk1VdGtwaUgtZ0hmWW5YaDN0OUtWemZGcWE1UEZyaXZSbGRvWW1NVjd4MU1GcUhCT19sY2hNZXZiOHQ0aWJ4bVRMTWNKQTU3TzVSU1JIRnVfS2lxQzZkbVZRSm5rTkhOME1zR1FPNFZqZXNLbjhBWnB5d3VaNnpvRnJRTjcydExBRTR0bklNXzB4cmwxaWsyQ3I5QlF6alp5dkhlcUttUUhlVm9oeVEyVmlvYzRBeVEtQU10dXBBQnc5UHVWbzZFb0JUWjd0WXZmZ2ZLYVlORnVhQTJCZHRFWlpGS18zRGI4SHVvMGNaNHJ3UUc2ekJRbW43LUlJS1RyLXFWbDJzWWNGa2RqdF9SUWlRbUw3TkowTTF0M0tFLUwycnI0WDktOHczNFVzWDZjZnRQcDNkMTJQVzM3UGw1MnAxc3JZQTRSZXdSZkFlbzBRTE5IaUxIeXUxa0tpX3h6bGUyVlhtOEp4Nm9YR0RPaEpQT01aQy1tckNLZXBxRlQ0QXRRRzdMemlDajJFbzh1V0lqUmJKdFpYd1VSWks5b2VfQTVOZmJ1Mk1kUjJrajBzdmo4QkJYUlo0VDRKczRaVm5fWV9QT0c5U1BYR1lUQzJvbUVkVEpBUm1rX1BkWlB4alRtR3EtYmZvRndtRmFwc2puNTg5RmF5NFNST0RvcFhjWHRSb2ROSm90RU1zeENlMnFJMUpOSmY5MUVTSEg3bE42a0pTN3pGdVhwbl9abUF5RzRLQy1WZ21JbmlrQ3dwbllXNFZZb2F2cXhMZjJSY3Nlbm9NQkJ4al9zNXcyQWh4alVNNHJ3MVV4cGd3b0V4VjRKNWQwZmVFcHh0U1J4VlRIWFdJM2gzdEVIMnVxdkpSc1NPckxWODkzSlFHVDEwdFpJZTdYYktaa29IQ25GSWstQUdZOGcxenZqV3ZwSnBLQU5HVks4N3R2U0lrakFPUFFVZ1hEUGVSR1JCR3lPYkdqLWkxUzVIVGIzMWhJNnZ4d1hSNS1xbzg1LWdqY0RYS1NGcFp6OGFheWVlazlqejBDbWZTVE44cVl5a0N6SFlVUGNYa1pvbnBvWmQ1LVRHQmoyRDVsOEszZ2c4S19WTEFfdnVmZUh2aUhJWWdUTWJKbHF1d1BETHB0NWdfVWNnbTlsNFVGZWV4SXNyWm84OUNIUHRQWXFxRDdpY0JkVXhScmdXbzhVS2JUUlpZeDI3c1dnWHRKOTFsbnFHOHFmdWR4eXZMU1ZDRk1OSEhUQ0ZKVXhOdHluVjUyaV84VF91SDlHc0VqTXU3a253V3M5NDBRM2VlTmRiV1d4cldQT25Kc0N2bm9qeXhra0gzaE9KQ0FST0V4WGVqdXR4ZlRoV19nZi1UU0xlMlh5ZHhiRHNwd25XQ2xxYkVxVmFPaTRjczhTZmQxU3FMTlIxUlJnY0g2UE5USTBtNEJDSWxRR1VYNU1zNTd6c2FKZnR4Y2pYcW55WGNBN1ViZFhRSklwM1NvRXlxOUp2M1pSSi1aajJ1Y3VKZ0ptN2hmTXBNQ2diRVpiR0hBN2JXZGtVVUxMTk51eFhqQ1Rod3JwcjhLZlVUQTF0UGVmaldCNDJYTlkwVmtJaHE1WEd3VXlvYXpScHFIN1Fiek04UjdDY3dfbW5iRlpUSmZqVWoyX25lSmxhT0xTdGdsZ05NSHVtYzF2c0R0dlhlZUFlVWtDcURqblE0Yi03TElrZ2syQjBQS3M5WDA0ZEVaWThNdF8xazNDVElzM0ZWRVZLY3BDMU41LWRMblhMWHNLMU9BT3AzTm1PYnJuWHMxM1U5a1F2NmNPN3ZkT01LZmNweVhseW5HU1llNVBjYjZjak04ekpaRElOOW9wMDQ0cVY5REszZld2LTh2b09vYUVmekw2ZXVVQS1tT3ZLdWg3WFZzYXd0bkRFQ2hwYmZCSDJOcXZRYmxfdVZ2cUlYQXdQblhQenktblM3OFVQa1g1YzYxa2VWbnlzRnN0cl9LbS14Y1NTUHV4ODBfM3d3Q1BFZGgzdklkZFJTMTdINjBaWWQ5RDVybUpWZURKZUxPRzZ2aE1jUmlhSjdEaTZKUUZyU1R6Y05MbG96ZzBWSmoxcndjVW9zcWtoX3pybHhpMFZtb0pnTGRDZ3ctSElZZnNnSC00ZDhuRDc2YjYyZUV3S19WNnVkamdyTWVndHJ5Nk1tS2d2cVd1RllpR1BSZ0tsbXRYQ2JtQUZ0Nkhqc2JfMElsNnNzMF83NmxFVkQ5Z3JjbjIyY3l0Z2xQS0paZFloV21wOHhXVUk5R0VrYkRqSk5LMmZJaEduYVcxcDBJemhGQnE2WFZsSFMxeEFhV1lmWjZWNGdZamlaXzhKYWk5dExWN1kzWl82RjF4QjViVHpjUmoxZ003dzB5UGN2MTlCRWs3b0hZaGt2MFdxV1EtdUZZYlBucXVJUlRMWTBQem0tUi1oLVF0Q3ZKUHRUZy1GZTM5WVFPZVhYajlNN0tLZl9aTFV5M1EzaGhIbDk0bk5ZWENXbVljUXIybWJaamhnUGNtMXBhRGtIQVJwenRodlRrQ2o2RTlxMkpJZHFDYno1THNOam82RDg0eVlVbmNhN0RKbDZ5UjRaTy05bkxMY3FhN2ljVVJ3TzFDY3Z5YTYzTGNKUFVPbVc1emdjOEcyNzVZLWl4aFN0Y3lXMFgwUmJVXzJtbXlHdTQ2c2dMTkgzSVhfTzNyaTRUb0dtZEthSnd6NmJISFo4M0RrZFB2S2huNFpkMzVHY0FDWHp1andBeXZHOWhQMEpzUFR1Q19CYm1xYU5Bdzg5RU43ZThQMk5jV204LXBHb1owWmVHNTA2aW1OZDlvZThRMXVtaDlGblBiSGU0bVh0TGRHNVY0dVpiRlZWdmhZN283NUdCRTNFRWVQNGxvWC1LSGNlaWt6S1VfZVJfU2EtOUVFSktYUTN2dHFRbGFvNTRmUnpiYTkwb3FWNFJtc1FqcTNUdjVJYUd1TGIzTUU4LWZxT2QtMEMwM1dXeHlGZ3dnNWIzclR2dVNyMDBRQ3NQcEFpN2x5aXo1cVg4LXZtaCIsY1JxOiB7cnU6ICdhSFIwY0hNNkx5OXBabU52Ym1acFp5NWpieTlxYzI5dScscmE6ICdSMjh0YUhSMGNDMWpiR2xsYm5Rdk1pNHcnLHJtOiAnUjBWVScsZDogJ00xeVUxellObXJwNVRDNG5rbm1mVWRXK3drNnN6Wi8xWEFnUlNVdS9xd3BIQktOMTFJbktsRm1waE4zVnljM2hJQzVuWXAzNTVxL3NEdzVJaGdrZTBpN1d4MnZLRXNEZHIwTDR6aGdEQzUwalZHQ0tDZy9uUThVMDJQdSt2SU9NZCtvK2lsZDR5T3lyUXQ0OWc2Tk1tRTc4MmNRdUJ6UUlrRUlHSjVtb1J1NGN5cDVIdVZuL3hTMDFMbDIyQ0h6OG9KNUw3Ty9PeW4wLzU3UU53ZTZ5RUJVSXRsNWtzUFJPenUxTlVMb1EwOHhtZU1sMEZlWnlBb3VHd0VhTEpZWEoxR3l6bndvcENCUHhGcWVyQnZBbXROSTZNVlpiYXg3YkZxSEFyMk5GTGdZSzlSUGtOcVVwNTFLcnU4cEZSMUdlcnhiWEltSE00VndnVC8xcFRpQm5HK3IrYm1KamRzczJONVpzQmVlNVlUWCt1bWFxZUQwL25QV2FrcU1UR2cxdWl1WWJvc0xwdmNjRUQzTnpZWGQvMXpxRmNMRi9ZbWhOU2RQTjhIa1k1UUx2Slc4dXU2Qy84YnFJMlNSMWtqT3cxY1VDWGdEcEF0c3dUMkx0RU5ZK1E2Rkh4azI4WjNsdlR3eDhZRm9WQU9YdnBFTFFFN3BudEtMWHRMNUlwek55bGRnVVJodkpZanBhWFNlUFFxN0JYblpkOC93QW1WSStRKzVWOENhL2xpUT0nLHQ6ICdNVGN3TkRrNE1EWTVNUzQ0T1RNd01EQT0nLGNUOiBNYXRoLmZsb29yKERhdGUubm93KCkgLyAxMDAwKSxtOiAnNitsUVU3b2YyMjJsTTNUM2JCSG9WTmJtOUYzOWRXTVEvdXpNaWNld0hsVT0nLGkxOiAnR2k5K3JSQVB6Y2RwQkFZWmJFZmo1UT09JyxpMjogJ1p5WlFDenZySU9qK00zOFMvenVBaWc9PScsemg6ICd3ZnhhZ0hFSldUM0pHN0tnN0dHbHlHRCthZUxaL0hDOUJFM3dEWHVFenFFPScsdWg6ICdBTis1dnZFTk1wZE9BQ3Z1UmExcGxMeDd1TnE5eTN3WUcrenVySXY0akhNPScsaGg6ICdhbS9adjk1WldBY21LNHBScS8zdUUvMFhvVHMvc2pvUExVWUkwbENOMWFFPScsfX07dmFyIGNwbyA9IGRvY3VtZW50LmNyZWF0ZUVsZW1lbnQoJ3NjcmlwdCcpO2Nwby5zcmMgPSAnL2Nkbi1jZ2kvY2hhbGxlbmdlLXBsYXRmb3JtL2gvYi9vcmNoZXN0cmF0ZS9jaGxfcGFnZS92MT9yYXk9ODQzZDk4Y2M0YmM2MThlYyc7d2luZG93Ll9jZl9jaGxfb3B0LmNPZ1VIYXNoID0gbG9jYXRpb24uaGFzaCA9PT0gJycgJiYgbG9jYXRpb24uaHJlZi5pbmRleE9mKCcjJykgIT09IC0xID8gJyMnIDogbG9jYXRpb24uaGFzaDt3aW5kb3cuX2NmX2NobF9vcHQuY09nVVF1ZXJ5ID0gbG9jYXRpb24uc2VhcmNoID09PSAnJyAmJiBsb2NhdGlvbi5ocmVmLnNsaWNlKDAsIGxvY2F0aW9uLmhyZWYubGVuZ3RoIC0gd2luZG93Ll9jZl9jaGxfb3B0LmNPZ1VIYXNoLmxlbmd0aCkuaW5kZXhPZignPycpICE9PSAtMSA/ICc/JyA6IGxvY2F0aW9uLnNlYXJjaDtpZiAod2luZG93Lmhpc3RvcnkgJiYgd2luZG93Lmhpc3RvcnkucmVwbGFjZVN0YXRlKSB7dmFyIG9nVSA9IGxvY2F0aW9uLnBhdGhuYW1lICsgd2luZG93Ll9jZl9jaGxfb3B0LmNPZ1VRdWVyeSArIHdpbmRvdy5fY2ZfY2hsX29wdC5jT2dVSGFzaDtoaXN0b3J5LnJlcGxhY2VTdGF0ZShudWxsLCBudWxsLCAiXC9qc29uP19fY2ZfY2hsX3J0X3RrPTkuYk5WeUg1Rkp5eDJsU2hOci5jMWlJbWZTWENWWWc3ZnNub3JkQmg5akEtMTcwNDk4MDY5MS0wLWdhTnljR3pOQ2FVIiArIHdpbmRvdy5fY2ZfY2hsX29wdC5jT2dVSGFzaCk7Y3BvLm9ubG9hZCA9IGZ1bmN0aW9uKCkge2hpc3RvcnkucmVwbGFjZVN0YXRlKG51bGwsIG51bGwsIG9nVSk7fX1kb2N1bWVudC5nZXRFbGVtZW50c0J5VGFnTmFtZSgnaGVhZCcpWzBdLmFwcGVuZENoaWxkKGNwbyk7fSgpKTs8L3NjcmlwdD48L2JvZHk+PC9odG1sPg==",
            "response_headers": {
              "Alt-Svc": "h3=\":443\"; ma=86400",
              "Cache-Control": "private, max-age=0, no-store, no-cache, must-revalidate, post-check=0, pre-check=0",
              "Cf-Mitigated": "challenge",
              "Cf-Ray": "843d98cc4bc618ec-SIN",
              "Content-Type": "text/html; charset=UTF-8",
              "Cross-Origin-Embedder-Policy": "require-corp",
              "Cross-Origin-Opener-Policy": "same-origin",
              "Cross-Origin-Resource-Policy": "same-origin",
              "Date": "Thu, 11 Jan 2024 13:44:51 GMT",
              "Expires": "Thu, 01 Jan 1970 00:00:01 GMT",
              "Nel": "{\"success_fraction\":0,\"report_to\":\"cf-nel\",\"max_age\":604800}",
              "Origin-Agent-Cluster": "?1",
              "Permissions-Policy": "accelerometer=(),autoplay=(),browsing-topics=(),camera=(),clipboard-read=(),clipboard-write=(),geolocation=(),gyroscope=(),hid=(),interest-cohort=(),magnetometer=(),microphone=(),payment=(),publickey-credentials-get=(),screen-wake-lock=(),serial=(),sync-xhr=(),usb=()",
              "Referrer-Policy": "same-origin",
              "Report-To": "{\"endpoints\":[{\"url\":\"https:\\/\\/a.nel.cloudflare.com\\/report\\/v3?s=AMmp%2FEfZJRSDLBySQzkc0KM57q%2F4FBeFsaFuWL91fspWDn%2BD3J4F5RcKvnRbOWW9SJ5YX0epQLnAUgkVteUtdwe4Q%2B1CbQxLdrrbZWXxzNYybc8itNHpwLbpQ5OcLg%3D%3D\"}],\"group\":\"cf-nel\",\"max_age\":604800}",
              "Server": "cloudflare",
              "Vary": "Accept-Encoding",
              "X-Frame-Options": "SAMEORIGIN"
            },
            "retry": null,
            "status_code": 403,
            "url": "https://ifconfig.co/json"
          },
          "sensitive_attributes": []
        }
      ]
    },
    {
      "mode": "data",
      "type": "http",
      "name": "myip",
      "provider": "provider[\"registry.terraform.io/hashicorp/http\"]",
      "instances": [
        {
          "schema_version": 0,
          "attributes": {
            "body": "15.207.255.36\n",
            "ca_cert_pem": null,
            "id": "http://ipv4.icanhazip.com",
            "insecure": null,
            "method": null,
            "request_body": null,
            "request_headers": null,
            "request_timeout_ms": null,
            "response_body": "15.207.255.36\n",
            "response_body_base64": "MTUuMjA3LjI1NS4zNgo=",
            "response_headers": {
              "Access-Control-Allow-Methods": "GET",
              "Access-Control-Allow-Origin": "*",
              "Alt-Svc": "h3=\":443\"; ma=86400",
              "Cf-Ray": "843d98cb3dc4859b-BOM",
              "Connection": "keep-alive",
              "Content-Length": "14",
              "Content-Type": "text/plain",
              "Date": "Thu, 11 Jan 2024 13:44:51 GMT",
              "Server": "cloudflare",
              "Set-Cookie": "__cf_bm=ca5TuQZiBjvr4UYg9ZNSzNSDAPoQEoWBrLrtSEluESY-1704980691-1-Ab7pygFLwEx11P75TDA+VhTcUUbM02jwfxGZoEp5CphDCEYBaNbLhJLrYDtKNfk/xwcWeXdNfTDx8dIagVgqZg8=; path=/; expires=Thu, 11-Jan-24 14:14:51 GMT; domain=.icanhazip.com; HttpOnly; SameSite=None",
              "Vary": "Accept-Encoding"
            },
            "retry": null,
            "status_code": 200,
            "url": "http://ipv4.icanhazip.com"
          },
          "sensitive_attributes": []
        }
      ]
    },
    {
      "mode": "managed",
      "type": "azurerm_data_factory",
      "name": "adf",
      "provider": "provider[\"registry.terraform.io/hashicorp/azurerm\"]",
      "instances": [
        {
          "schema_version": 2,
          "attributes": {
            "customer_managed_key_id": "",
            "customer_managed_key_identity_id": "",
            "github_configuration": [],
            "global_parameter": [],
            "id": "/subscriptions/d0cfa11c-65dd-43d8-829c-f883705aba8a/resourceGroups/BWCO-ENT-PROD-EDH/providers/Microsoft.DataFactory/factories/bwco-ent-prod-edh-use-adf",
            "identity": [
              {
                "identity_ids": null,
                "principal_id": "c8c281ee-d805-4db4-b7c0-9b03274a35d3",
                "tenant_id": "619282f7-d1dc-49f4-857f-86a827636052",
                "type": "SystemAssigned"
              }
            ],
            "location": "eastus",
            "managed_virtual_network_enabled": false,
            "name": "bwco-ent-prod-edh-use-adf",
            "public_network_enabled": true,
            "purview_id": "",
            "resource_group_name": "BWCO-ENT-PROD-EDH",
            "tags": {
              "Division": "ENT",
              "Platform": "BWCO"
            },
            "timeouts": null,
            "vsts_configuration": []
          },
          "sensitive_attributes": [],
          "private": "eyJlMmJmYjczMC1lY2FhLTExZTYtOGY4OC0zNDM2M2JjN2M0YzAiOnsiY3JlYXRlIjoxODAwMDAwMDAwMDAwLCJkZWxldGUiOjE4MDAwMDAwMDAwMDAsInJlYWQiOjMwMDAwMDAwMDAwMCwidXBkYXRlIjoxODAwMDAwMDAwMDAwfSwic2NoZW1hX3ZlcnNpb24iOiIyIn0=",
          "dependencies": [
            "data.azurerm_resource_group.primary_rg"
          ]
        }
      ]
    },
    {
      "mode": "managed",
      "type": "azurerm_databricks_workspace",
      "name": "dbw",
      "provider": "provider[\"registry.terraform.io/hashicorp/azurerm\"]",
      "instances": [
        {
          "schema_version": 0,
          "attributes": {
            "custom_parameters": [
              {
                "machine_learning_workspace_id": "",
                "nat_gateway_name": "",
                "no_public_ip": false,
                "private_subnet_name": "",
                "private_subnet_network_security_group_association_id": "",
                "public_ip_name": "nat-gw-public-ip",
                "public_subnet_name": "",
                "public_subnet_network_security_group_association_id": "",
                "storage_account_name": "dbstorageb6wl56dqhalkm",
                "storage_account_sku_name": "Standard_GRS",
                "virtual_network_id": "",
                "vnet_address_prefix": "10.139"
              }
            ],
            "customer_managed_key_enabled": false,
            "disk_encryption_set_id": null,
            "id": "/subscriptions/d0cfa11c-65dd-43d8-829c-f883705aba8a/resourceGroups/BWCO-ENT-PROD-EDH/providers/Microsoft.Databricks/workspaces/bwco-ent-prod-edh-use-dbw",
            "infrastructure_encryption_enabled": false,
            "load_balancer_backend_address_pool_id": "",
            "location": "eastus",
            "managed_disk_cmk_key_vault_key_id": null,
            "managed_disk_cmk_rotation_to_latest_version_enabled": null,
            "managed_disk_identity": [],
            "managed_resource_group_id": "/subscriptions/d0cfa11c-65dd-43d8-829c-f883705aba8a/resourceGroups/bwco-ent-prod-edh-databricks-use-rg",
            "managed_resource_group_name": "bwco-ent-prod-edh-databricks-use-rg",
            "managed_services_cmk_key_vault_key_id": null,
            "name": "bwco-ent-prod-edh-use-dbw",
            "network_security_group_rules_required": null,
            "public_network_access_enabled": true,
            "resource_group_name": "BWCO-ENT-PROD-EDH",
            "sku": "premium",
            "storage_account_identity": [],
            "tags": {
              "Application": "edh",
              "Division": "ENT",
              "Environment": "prod",
              "Platform": "BWCO"
            },
            "timeouts": null,
            "workspace_id": "380634577324647",
            "workspace_url": "adb-380634577324647.7.azuredatabricks.net"
          },
          "sensitive_attributes": [],
          "private": "eyJlMmJmYjczMC1lY2FhLTExZTYtOGY4OC0zNDM2M2JjN2M0YzAiOnsiY3JlYXRlIjoxODAwMDAwMDAwMDAwLCJkZWxldGUiOjE4MDAwMDAwMDAwMDAsInJlYWQiOjMwMDAwMDAwMDAwMCwidXBkYXRlIjoxODAwMDAwMDAwMDAwfX0=",
          "dependencies": [
            "data.azurerm_resource_group.primary_rg"
          ]
        }
      ]
    },
    {
      "mode": "managed",
      "type": "azurerm_key_vault",
      "name": "kv",
      "provider": "provider[\"registry.terraform.io/hashicorp/azurerm\"]",
      "instances": [
        {
          "schema_version": 2,
          "attributes": {
            "access_policy": [],
            "contact": [],
            "enable_rbac_authorization": false,
            "enabled_for_deployment": false,
            "enabled_for_disk_encryption": true,
            "enabled_for_template_deployment": false,
            "id": "/subscriptions/d0cfa11c-65dd-43d8-829c-f883705aba8a/resourceGroups/BWCO-ENT-PROD-EDH/providers/Microsoft.KeyVault/vaults/bwco-ent-prod-edh-use-kv",
            "location": "eastus",
            "name": "bwco-ent-prod-edh-use-kv",
            "network_acls": [
              {
                "bypass": "AzureServices",
                "default_action": "Allow",
                "ip_rules": null,
                "virtual_network_subnet_ids": null
              }
            ],
            "public_network_access_enabled": true,
            "purge_protection_enabled": false,
            "resource_group_name": "BWCO-ENT-PROD-EDH",
            "sku_name": "standard",
            "soft_delete_retention_days": 90,
            "tags": {
              "Application": "edh",
              "Division": "ENT",
              "Environment": "prod",
              "Platform": "BWCO"
            },
            "tenant_id": "619282f7-d1dc-49f4-857f-86a827636052",
            "timeouts": null,
            "vault_uri": "https://bwco-ent-prod-edh-use-kv.vault.azure.net/"
          },
          "sensitive_attributes": [],
          "private": "eyJlMmJmYjczMC1lY2FhLTExZTYtOGY4OC0zNDM2M2JjN2M0YzAiOnsiY3JlYXRlIjoxODAwMDAwMDAwMDAwLCJkZWxldGUiOjE4MDAwMDAwMDAwMDAsInJlYWQiOjMwMDAwMDAwMDAwMCwidXBkYXRlIjoxODAwMDAwMDAwMDAwfSwic2NoZW1hX3ZlcnNpb24iOiIyIn0=",
          "dependencies": [
            "data.azurerm_client_config.current",
            "data.azurerm_resource_group.primary_rg"
          ]
        }
      ]
    },
    {
      "mode": "managed",
      "type": "azurerm_key_vault_access_policy",
      "name": "current_user",
      "provider": "provider[\"registry.terraform.io/hashicorp/azurerm\"]",
      "instances": [
        {
          "schema_version": 0,
          "attributes": {
            "application_id": null,
            "certificate_permissions": [
              "Backup",
              "Create",
              "Delete",
              "DeleteIssuers",
              "Get",
              "GetIssuers",
              "Import",
              "List",
              "ListIssuers",
              "ManageContacts",
              "ManageIssuers",
              "Purge",
              "Recover",
              "Restore",
              "SetIssuers",
              "Update"
            ],
            "id": "/subscriptions/d0cfa11c-65dd-43d8-829c-f883705aba8a/resourceGroups/BWCO-ENT-PROD-EDH/providers/Microsoft.KeyVault/vaults/bwco-ent-prod-edh-use-kv/objectId/611d193e-923a-4959-bfdc-68e5c467d7c1",
            "key_permissions": [
              "Backup",
              "Create",
              "Decrypt",
              "Delete",
              "Encrypt",
              "Get",
              "Import",
              "List",
              "Purge",
              "Recover",
              "Restore",
              "Sign",
              "UnwrapKey",
              "Update",
              "Verify",
              "WrapKey"
            ],
            "key_vault_id": "/subscriptions/d0cfa11c-65dd-43d8-829c-f883705aba8a/resourceGroups/BWCO-ENT-PROD-EDH/providers/Microsoft.KeyVault/vaults/bwco-ent-prod-edh-use-kv",
            "object_id": "611d193e-923a-4959-bfdc-68e5c467d7c1",
            "secret_permissions": [
              "Backup",
              "Delete",
              "Get",
              "List",
              "Purge",
              "Recover",
              "Restore",
              "Set"
            ],
            "storage_permissions": [
              "Backup",
              "Delete",
              "DeleteSAS",
              "Get",
              "GetSAS",
              "List",
              "ListSAS",
              "Purge",
              "Recover",
              "RegenerateKey",
              "Restore",
              "Set",
              "SetSAS",
              "Update"
            ],
            "tenant_id": "619282f7-d1dc-49f4-857f-86a827636052",
            "timeouts": null
          },
          "sensitive_attributes": [],
          "private": "eyJlMmJmYjczMC1lY2FhLTExZTYtOGY4OC0zNDM2M2JjN2M0YzAiOnsiY3JlYXRlIjoxODAwMDAwMDAwMDAwLCJkZWxldGUiOjE4MDAwMDAwMDAwMDAsInJlYWQiOjMwMDAwMDAwMDAwMCwidXBkYXRlIjoxODAwMDAwMDAwMDAwfX0=",
          "dependencies": [
            "azurerm_key_vault.kv",
            "data.azurerm_client_config.current",
            "data.azurerm_resource_group.primary_rg"
          ]
        }
      ]
    },
    {
      "mode": "managed",
      "type": "azurerm_key_vault_access_policy",
      "name": "dfspn",
      "provider": "provider[\"registry.terraform.io/hashicorp/azurerm\"]",
      "instances": [
        {
          "schema_version": 0,
          "attributes": {
            "application_id": null,
            "certificate_permissions": null,
            "id": "/subscriptions/d0cfa11c-65dd-43d8-829c-f883705aba8a/resourceGroups/BWCO-ENT-PROD-EDH/providers/Microsoft.KeyVault/vaults/bwco-ent-prod-edh-use-kv/objectId/c8c281ee-d805-4db4-b7c0-9b03274a35d3",
            "key_permissions": [
              "Get",
              "List"
            ],
            "key_vault_id": "/subscriptions/d0cfa11c-65dd-43d8-829c-f883705aba8a/resourceGroups/BWCO-ENT-PROD-EDH/providers/Microsoft.KeyVault/vaults/bwco-ent-prod-edh-use-kv",
            "object_id": "c8c281ee-d805-4db4-b7c0-9b03274a35d3",
            "secret_permissions": [
              "Get",
              "List"
            ],
            "storage_permissions": null,
            "tenant_id": "619282f7-d1dc-49f4-857f-86a827636052",
            "timeouts": null
          },
          "sensitive_attributes": [],
          "private": "eyJlMmJmYjczMC1lY2FhLTExZTYtOGY4OC0zNDM2M2JjN2M0YzAiOnsiY3JlYXRlIjoxODAwMDAwMDAwMDAwLCJkZWxldGUiOjE4MDAwMDAwMDAwMDAsInJlYWQiOjMwMDAwMDAwMDAwMCwidXBkYXRlIjoxODAwMDAwMDAwMDAwfX0=",
          "dependencies": [
            "azurerm_data_factory.adf",
            "azurerm_key_vault.kv",
            "data.azurerm_client_config.current",
            "data.azurerm_resource_group.primary_rg"
          ]
        }
      ]
    },
    {
      "mode": "managed",
      "type": "azurerm_key_vault_secret",
      "name": "dbw-id",
      "provider": "provider[\"registry.terraform.io/hashicorp/azurerm\"]",
      "instances": [
        {
          "schema_version": 0,
          "attributes": {
            "content_type": "",
            "expiration_date": null,
            "id": "https://bwco-ent-prod-edh-use-kv.vault.azure.net/secrets/sec-databricks-resource-id/f1391e14ac64402984b85e6c32da072d",
            "key_vault_id": "/subscriptions/d0cfa11c-65dd-43d8-829c-f883705aba8a/resourceGroups/BWCO-ENT-PROD-EDH/providers/Microsoft.KeyVault/vaults/bwco-ent-prod-edh-use-kv",
            "name": "sec-databricks-resource-id",
            "not_before_date": null,
            "resource_id": "/subscriptions/d0cfa11c-65dd-43d8-829c-f883705aba8a/resourceGroups/BWCO-ENT-PROD-EDH/providers/Microsoft.KeyVault/vaults/bwco-ent-prod-edh-use-kv/secrets/sec-databricks-resource-id/versions/f1391e14ac64402984b85e6c32da072d",
            "resource_versionless_id": "/subscriptions/d0cfa11c-65dd-43d8-829c-f883705aba8a/resourceGroups/BWCO-ENT-PROD-EDH/providers/Microsoft.KeyVault/vaults/bwco-ent-prod-edh-use-kv/secrets/sec-databricks-resource-id",
            "tags": null,
            "timeouts": null,
            "value": "/subscriptions/d0cfa11c-65dd-43d8-829c-f883705aba8a/resourceGroups/BWCO-ENT-PROD-EDH/providers/Microsoft.Databricks/workspaces/bwco-ent-prod-edh-use-dbw",
            "version": "f1391e14ac64402984b85e6c32da072d",
            "versionless_id": "https://bwco-ent-prod-edh-use-kv.vault.azure.net/secrets/sec-databricks-resource-id"
          },
          "sensitive_attributes": [],
          "private": "eyJlMmJmYjczMC1lY2FhLTExZTYtOGY4OC0zNDM2M2JjN2M0YzAiOnsiY3JlYXRlIjoxODAwMDAwMDAwMDAwLCJkZWxldGUiOjE4MDAwMDAwMDAwMDAsInJlYWQiOjE4MDAwMDAwMDAwMDAsInVwZGF0ZSI6MTgwMDAwMDAwMDAwMH19",
          "dependencies": [
            "azurerm_databricks_workspace.dbw",
            "azurerm_key_vault.kv",
            "azurerm_key_vault_access_policy.current_user",
            "data.azurerm_client_config.current",
            "data.azurerm_resource_group.primary_rg"
          ]
        }
      ]
    },
    {
      "mode": "managed",
      "type": "azurerm_key_vault_secret",
      "name": "df-id",
      "provider": "provider[\"registry.terraform.io/hashicorp/azurerm\"]",
      "instances": [
        {
          "schema_version": 0,
          "attributes": {
            "content_type": "",
            "expiration_date": null,
            "id": "https://bwco-ent-prod-edh-use-kv.vault.azure.net/secrets/sec-datafactory-resource-id/2c7fc37b24d941c7bb40e26960bf42fb",
            "key_vault_id": "/subscriptions/d0cfa11c-65dd-43d8-829c-f883705aba8a/resourceGroups/BWCO-ENT-PROD-EDH/providers/Microsoft.KeyVault/vaults/bwco-ent-prod-edh-use-kv",
            "name": "sec-datafactory-resource-id",
            "not_before_date": null,
            "resource_id": "/subscriptions/d0cfa11c-65dd-43d8-829c-f883705aba8a/resourceGroups/BWCO-ENT-PROD-EDH/providers/Microsoft.KeyVault/vaults/bwco-ent-prod-edh-use-kv/secrets/sec-datafactory-resource-id/versions/2c7fc37b24d941c7bb40e26960bf42fb",
            "resource_versionless_id": "/subscriptions/d0cfa11c-65dd-43d8-829c-f883705aba8a/resourceGroups/BWCO-ENT-PROD-EDH/providers/Microsoft.KeyVault/vaults/bwco-ent-prod-edh-use-kv/secrets/sec-datafactory-resource-id",
            "tags": null,
            "timeouts": null,
            "value": "/subscriptions/d0cfa11c-65dd-43d8-829c-f883705aba8a/resourceGroups/BWCO-ENT-PROD-EDH/providers/Microsoft.DataFactory/factories/bwco-ent-prod-edh-use-adf",
            "version": "2c7fc37b24d941c7bb40e26960bf42fb",
            "versionless_id": "https://bwco-ent-prod-edh-use-kv.vault.azure.net/secrets/sec-datafactory-resource-id"
          },
          "sensitive_attributes": [],
          "private": "eyJlMmJmYjczMC1lY2FhLTExZTYtOGY4OC0zNDM2M2JjN2M0YzAiOnsiY3JlYXRlIjoxODAwMDAwMDAwMDAwLCJkZWxldGUiOjE4MDAwMDAwMDAwMDAsInJlYWQiOjE4MDAwMDAwMDAwMDAsInVwZGF0ZSI6MTgwMDAwMDAwMDAwMH19",
          "dependencies": [
            "azurerm_data_factory.adf",
            "azurerm_key_vault.kv",
            "azurerm_key_vault_access_policy.current_user",
            "data.azurerm_client_config.current",
            "data.azurerm_resource_group.primary_rg"
          ]
        }
      ]
    },
    {
      "mode": "managed",
      "type": "azurerm_key_vault_secret",
      "name": "email_notify_http",
      "provider": "provider[\"registry.terraform.io/hashicorp/azurerm\"]",
      "instances": [
        {
          "schema_version": 0,
          "attributes": {
            "content_type": "",
            "expiration_date": null,
            "id": "https://bwco-ent-prod-edh-use-kv.vault.azure.net/secrets/sec-logic-app-email-notification-http-url/8350df20a3704f8ba8c40b472eb2e25e",
            "key_vault_id": "/subscriptions/d0cfa11c-65dd-43d8-829c-f883705aba8a/resourceGroups/BWCO-ENT-PROD-EDH/providers/Microsoft.KeyVault/vaults/bwco-ent-prod-edh-use-kv",
            "name": "sec-logic-app-email-notification-http-url",
            "not_before_date": null,
            "resource_id": "/subscriptions/d0cfa11c-65dd-43d8-829c-f883705aba8a/resourceGroups/BWCO-ENT-PROD-EDH/providers/Microsoft.KeyVault/vaults/bwco-ent-prod-edh-use-kv/secrets/sec-logic-app-email-notification-http-url/versions/8350df20a3704f8ba8c40b472eb2e25e",
            "resource_versionless_id": "/subscriptions/d0cfa11c-65dd-43d8-829c-f883705aba8a/resourceGroups/BWCO-ENT-PROD-EDH/providers/Microsoft.KeyVault/vaults/bwco-ent-prod-edh-use-kv/secrets/sec-logic-app-email-notification-http-url",
            "tags": null,
            "timeouts": null,
            "value": "https://prod-54.eastus.logic.azure.com:443/workflows/733070bea2ad4a28a516b5b5967e1142/triggers/http-post-trigger/paths/invoke?api-version=2019-05-01\u0026sp=%2Ftriggers%2Fhttp-post-trigger%2Frun\u0026sv=1.0\u0026sig=OTGd9fPk86hftedw96tLmxHtfve4pqIiZ-xpsAbEfYc",
            "version": "8350df20a3704f8ba8c40b472eb2e25e",
            "versionless_id": "https://bwco-ent-prod-edh-use-kv.vault.azure.net/secrets/sec-logic-app-email-notification-http-url"
          },
          "sensitive_attributes": [],
          "private": "eyJlMmJmYjczMC1lY2FhLTExZTYtOGY4OC0zNDM2M2JjN2M0YzAiOnsiY3JlYXRlIjoxODAwMDAwMDAwMDAwLCJkZWxldGUiOjE4MDAwMDAwMDAwMDAsInJlYWQiOjE4MDAwMDAwMDAwMDAsInVwZGF0ZSI6MTgwMDAwMDAwMDAwMH19",
          "dependencies": [
            "azurerm_key_vault.kv",
            "azurerm_key_vault_access_policy.current_user",
            "azurerm_logic_app_trigger_http_request.email_notify_http",
            "azurerm_logic_app_workflow.email_notify_lawf",
            "data.azurerm_client_config.current",
            "data.azurerm_resource_group.primary_rg"
          ]
        }
      ]
    },
    {
      "mode": "managed",
      "type": "azurerm_key_vault_secret",
      "name": "kv",
      "provider": "provider[\"registry.terraform.io/hashicorp/azurerm\"]",
      "instances": [
        {
          "schema_version": 0,
          "attributes": {
            "content_type": "",
            "expiration_date": null,
            "id": "https://bwco-ent-prod-edh-use-kv.vault.azure.net/secrets/sec-key-vault-resource-id/c7b158daf7eb496ab04534044b71c1c4",
            "key_vault_id": "/subscriptions/d0cfa11c-65dd-43d8-829c-f883705aba8a/resourceGroups/BWCO-ENT-PROD-EDH/providers/Microsoft.KeyVault/vaults/bwco-ent-prod-edh-use-kv",
            "name": "sec-key-vault-resource-id",
            "not_before_date": null,
            "resource_id": "/subscriptions/d0cfa11c-65dd-43d8-829c-f883705aba8a/resourceGroups/BWCO-ENT-PROD-EDH/providers/Microsoft.KeyVault/vaults/bwco-ent-prod-edh-use-kv/secrets/sec-key-vault-resource-id/versions/c7b158daf7eb496ab04534044b71c1c4",
            "resource_versionless_id": "/subscriptions/d0cfa11c-65dd-43d8-829c-f883705aba8a/resourceGroups/BWCO-ENT-PROD-EDH/providers/Microsoft.KeyVault/vaults/bwco-ent-prod-edh-use-kv/secrets/sec-key-vault-resource-id",
            "tags": null,
            "timeouts": null,
            "value": "/subscriptions/d0cfa11c-65dd-43d8-829c-f883705aba8a/resourceGroups/BWCO-ENT-PROD-EDH/providers/Microsoft.KeyVault/vaults/bwco-ent-prod-edh-use-kv",
            "version": "c7b158daf7eb496ab04534044b71c1c4",
            "versionless_id": "https://bwco-ent-prod-edh-use-kv.vault.azure.net/secrets/sec-key-vault-resource-id"
          },
          "sensitive_attributes": [],
          "private": "eyJlMmJmYjczMC1lY2FhLTExZTYtOGY4OC0zNDM2M2JjN2M0YzAiOnsiY3JlYXRlIjoxODAwMDAwMDAwMDAwLCJkZWxldGUiOjE4MDAwMDAwMDAwMDAsInJlYWQiOjE4MDAwMDAwMDAwMDAsInVwZGF0ZSI6MTgwMDAwMDAwMDAwMH19",
          "dependencies": [
            "azurerm_key_vault.kv",
            "azurerm_key_vault_access_policy.current_user",
            "data.azurerm_client_config.current",
            "data.azurerm_resource_group.primary_rg"
          ]
        }
      ]
    },
    {
      "mode": "managed",
      "type": "azurerm_key_vault_secret",
      "name": "secrets",
      "provider": "provider[\"registry.terraform.io/hashicorp/azurerm\"]",
      "instances": [
        {
          "index_key": "sec-svp-secret",
          "schema_version": 0,
          "attributes": {
            "content_type": "",
            "expiration_date": null,
            "id": "https://bwco-ent-prod-edh-use-kv.vault.azure.net/secrets/sec-svp-secret/a672b798883a4bdeb436fd90ac803789",
            "key_vault_id": "/subscriptions/d0cfa11c-65dd-43d8-829c-f883705aba8a/resourceGroups/BWCO-ENT-PROD-EDH/providers/Microsoft.KeyVault/vaults/bwco-ent-prod-edh-use-kv",
            "name": "sec-svp-secret",
            "not_before_date": null,
            "resource_id": "/subscriptions/d0cfa11c-65dd-43d8-829c-f883705aba8a/resourceGroups/BWCO-ENT-PROD-EDH/providers/Microsoft.KeyVault/vaults/bwco-ent-prod-edh-use-kv/secrets/sec-svp-secret/versions/a672b798883a4bdeb436fd90ac803789",
            "resource_versionless_id": "/subscriptions/d0cfa11c-65dd-43d8-829c-f883705aba8a/resourceGroups/BWCO-ENT-PROD-EDH/providers/Microsoft.KeyVault/vaults/bwco-ent-prod-edh-use-kv/secrets/sec-svp-secret",
            "tags": null,
            "timeouts": null,
            "value": "placeholder",
            "version": "a672b798883a4bdeb436fd90ac803789",
            "versionless_id": "https://bwco-ent-prod-edh-use-kv.vault.azure.net/secrets/sec-svp-secret"
          },
          "sensitive_attributes": [],
          "private": "eyJlMmJmYjczMC1lY2FhLTExZTYtOGY4OC0zNDM2M2JjN2M0YzAiOnsiY3JlYXRlIjoxODAwMDAwMDAwMDAwLCJkZWxldGUiOjE4MDAwMDAwMDAwMDAsInJlYWQiOjE4MDAwMDAwMDAwMDAsInVwZGF0ZSI6MTgwMDAwMDAwMDAwMH19",
          "dependencies": [
            "azurerm_key_vault.kv",
            "azurerm_key_vault_access_policy.current_user",
            "data.azurerm_client_config.current",
            "data.azurerm_resource_group.primary_rg"
          ]
        }
      ]
    },
    {
      "mode": "managed",
      "type": "azurerm_key_vault_secret",
      "name": "sql_connect_string",
      "provider": "provider[\"registry.terraform.io/hashicorp/azurerm\"]",
      "instances": [
        {
          "schema_version": 0,
          "attributes": {
            "content_type": "",
            "expiration_date": null,
            "id": "https://bwco-ent-prod-edh-use-kv.vault.azure.net/secrets/sec-metadata-db-connection-string/763028c1fb314f99966e97aea493b53f",
            "key_vault_id": "/subscriptions/d0cfa11c-65dd-43d8-829c-f883705aba8a/resourceGroups/BWCO-ENT-PROD-EDH/providers/Microsoft.KeyVault/vaults/bwco-ent-prod-edh-use-kv",
            "name": "sec-metadata-db-connection-string",
            "not_before_date": null,
            "resource_id": "/subscriptions/d0cfa11c-65dd-43d8-829c-f883705aba8a/resourceGroups/BWCO-ENT-PROD-EDH/providers/Microsoft.KeyVault/vaults/bwco-ent-prod-edh-use-kv/secrets/sec-metadata-db-connection-string/versions/763028c1fb314f99966e97aea493b53f",
            "resource_versionless_id": "/subscriptions/d0cfa11c-65dd-43d8-829c-f883705aba8a/resourceGroups/BWCO-ENT-PROD-EDH/providers/Microsoft.KeyVault/vaults/bwco-ent-prod-edh-use-kv/secrets/sec-metadata-db-connection-string",
            "tags": null,
            "timeouts": null,
            "value": "Server=tcp:bwco-ent-prod-metadata-edh-use-sql.database.windows.net,1433;Initial Catalog=metadata;Persist Security Info=False;User ID=sqlAdminUser;Password=Y6bR%TDDH6Db55LYFdso_IH4kF6bl^;MultipleActiveResultSets=False;Encrypt=True;TrustServerCertificate=False;Connection Timeout=30;",
            "version": "763028c1fb314f99966e97aea493b53f",
            "versionless_id": "https://bwco-ent-prod-edh-use-kv.vault.azure.net/secrets/sec-metadata-db-connection-string"
          },
          "sensitive_attributes": [
            [
              {
                "type": "get_attr",
                "value": "value"
              }
            ]
          ],
          "private": "eyJlMmJmYjczMC1lY2FhLTExZTYtOGY4OC0zNDM2M2JjN2M0YzAiOnsiY3JlYXRlIjoxODAwMDAwMDAwMDAwLCJkZWxldGUiOjE4MDAwMDAwMDAwMDAsInJlYWQiOjE4MDAwMDAwMDAwMDAsInVwZGF0ZSI6MTgwMDAwMDAwMDAwMH19",
          "dependencies": [
            "azurerm_key_vault.kv",
            "azurerm_key_vault_access_policy.current_user",
            "azurerm_mssql_database.sqldb",
            "azurerm_mssql_server.sqlserver",
            "data.azurerm_client_config.current",
            "data.azurerm_resource_group.primary_rg",
            "random_password.sql_pwd"
          ]
        }
      ]
    },
    {
      "mode": "managed",
      "type": "azurerm_key_vault_secret",
      "name": "sql_connect_string_jdbc",
      "provider": "provider[\"registry.terraform.io/hashicorp/azurerm\"]",
      "instances": [
        {
          "schema_version": 0,
          "attributes": {
            "content_type": "",
            "expiration_date": null,
            "id": "https://bwco-ent-prod-edh-use-kv.vault.azure.net/secrets/sec-metadata-db-jdbc-connection-string/734a4549817047d7a80e5f9c1603a9e9",
            "key_vault_id": "/subscriptions/d0cfa11c-65dd-43d8-829c-f883705aba8a/resourceGroups/BWCO-ENT-PROD-EDH/providers/Microsoft.KeyVault/vaults/bwco-ent-prod-edh-use-kv",
            "name": "sec-metadata-db-jdbc-connection-string",
            "not_before_date": null,
            "resource_id": "/subscriptions/d0cfa11c-65dd-43d8-829c-f883705aba8a/resourceGroups/BWCO-ENT-PROD-EDH/providers/Microsoft.KeyVault/vaults/bwco-ent-prod-edh-use-kv/secrets/sec-metadata-db-jdbc-connection-string/versions/734a4549817047d7a80e5f9c1603a9e9",
            "resource_versionless_id": "/subscriptions/d0cfa11c-65dd-43d8-829c-f883705aba8a/resourceGroups/BWCO-ENT-PROD-EDH/providers/Microsoft.KeyVault/vaults/bwco-ent-prod-edh-use-kv/secrets/sec-metadata-db-jdbc-connection-string",
            "tags": null,
            "timeouts": null,
            "value": "jdbc:sqlserver://bwco-ent-prod-metadata-edh-use-sql.database.windows.net:1433;databasename=metadata;user=sqlAdminUser;password=Y6bR%TDDH6Db55LYFdso_IH4kF6bl^;driver=com.microsoft.sqlserver.jdbc.SQLServerDriver",
            "version": "734a4549817047d7a80e5f9c1603a9e9",
            "versionless_id": "https://bwco-ent-prod-edh-use-kv.vault.azure.net/secrets/sec-metadata-db-jdbc-connection-string"
          },
          "sensitive_attributes": [
            [
              {
                "type": "get_attr",
                "value": "value"
              }
            ]
          ],
          "private": "eyJlMmJmYjczMC1lY2FhLTExZTYtOGY4OC0zNDM2M2JjN2M0YzAiOnsiY3JlYXRlIjoxODAwMDAwMDAwMDAwLCJkZWxldGUiOjE4MDAwMDAwMDAwMDAsInJlYWQiOjE4MDAwMDAwMDAwMDAsInVwZGF0ZSI6MTgwMDAwMDAwMDAwMH19",
          "dependencies": [
            "azurerm_key_vault.kv",
            "azurerm_key_vault_access_policy.current_user",
            "azurerm_mssql_database.sqldb",
            "azurerm_mssql_server.sqlserver",
            "data.azurerm_client_config.current",
            "data.azurerm_resource_group.primary_rg",
            "random_password.sql_pwd"
          ]
        }
      ]
    },
    {
      "mode": "managed",
      "type": "azurerm_key_vault_secret",
      "name": "sql_connect_string_odbc",
      "provider": "provider[\"registry.terraform.io/hashicorp/azurerm\"]",
      "instances": [
        {
          "schema_version": 0,
          "attributes": {
            "content_type": "",
            "expiration_date": null,
            "id": "https://bwco-ent-prod-edh-use-kv.vault.azure.net/secrets/sec-metadata-db-odbc-connection-string/50576b785ff047ebaf38d7c41586548d",
            "key_vault_id": "/subscriptions/d0cfa11c-65dd-43d8-829c-f883705aba8a/resourceGroups/BWCO-ENT-PROD-EDH/providers/Microsoft.KeyVault/vaults/bwco-ent-prod-edh-use-kv",
            "name": "sec-metadata-db-odbc-connection-string",
            "not_before_date": null,
            "resource_id": "/subscriptions/d0cfa11c-65dd-43d8-829c-f883705aba8a/resourceGroups/BWCO-ENT-PROD-EDH/providers/Microsoft.KeyVault/vaults/bwco-ent-prod-edh-use-kv/secrets/sec-metadata-db-odbc-connection-string/versions/50576b785ff047ebaf38d7c41586548d",
            "resource_versionless_id": "/subscriptions/d0cfa11c-65dd-43d8-829c-f883705aba8a/resourceGroups/BWCO-ENT-PROD-EDH/providers/Microsoft.KeyVault/vaults/bwco-ent-prod-edh-use-kv/secrets/sec-metadata-db-odbc-connection-string",
            "tags": null,
            "timeouts": null,
            "value": "DRIVER={ODBC Driver 17 for SQL Server};SERVER=bwco-ent-prod-metadata-edh-use-sql.database.windows.net;DATABASE=metadata;UID=sqlAdminUser;PWD=Y6bR%TDDH6Db55LYFdso_IH4kF6bl^",
            "version": "50576b785ff047ebaf38d7c41586548d",
            "versionless_id": "https://bwco-ent-prod-edh-use-kv.vault.azure.net/secrets/sec-metadata-db-odbc-connection-string"
          },
          "sensitive_attributes": [
            [
              {
                "type": "get_attr",
                "value": "value"
              }
            ]
          ],
          "private": "eyJlMmJmYjczMC1lY2FhLTExZTYtOGY4OC0zNDM2M2JjN2M0YzAiOnsiY3JlYXRlIjoxODAwMDAwMDAwMDAwLCJkZWxldGUiOjE4MDAwMDAwMDAwMDAsInJlYWQiOjE4MDAwMDAwMDAwMDAsInVwZGF0ZSI6MTgwMDAwMDAwMDAwMH19",
          "dependencies": [
            "azurerm_key_vault.kv",
            "azurerm_key_vault_access_policy.current_user",
            "azurerm_mssql_database.sqldb",
            "azurerm_mssql_server.sqlserver",
            "data.azurerm_client_config.current",
            "data.azurerm_resource_group.primary_rg",
            "random_password.sql_pwd"
          ]
        }
      ]
    },
    {
      "mode": "managed",
      "type": "azurerm_key_vault_secret",
      "name": "sql_pwd",
      "provider": "provider[\"registry.terraform.io/hashicorp/azurerm\"]",
      "instances": [
        {
          "schema_version": 0,
          "attributes": {
            "content_type": "",
            "expiration_date": null,
            "id": "https://bwco-ent-prod-edh-use-kv.vault.azure.net/secrets/sec-azure-sql-admin-pwd/5c6b74236ac646f98105a3106783a202",
            "key_vault_id": "/subscriptions/d0cfa11c-65dd-43d8-829c-f883705aba8a/resourceGroups/BWCO-ENT-PROD-EDH/providers/Microsoft.KeyVault/vaults/bwco-ent-prod-edh-use-kv",
            "name": "sec-azure-sql-admin-pwd",
            "not_before_date": null,
            "resource_id": "/subscriptions/d0cfa11c-65dd-43d8-829c-f883705aba8a/resourceGroups/BWCO-ENT-PROD-EDH/providers/Microsoft.KeyVault/vaults/bwco-ent-prod-edh-use-kv/secrets/sec-azure-sql-admin-pwd/versions/5c6b74236ac646f98105a3106783a202",
            "resource_versionless_id": "/subscriptions/d0cfa11c-65dd-43d8-829c-f883705aba8a/resourceGroups/BWCO-ENT-PROD-EDH/providers/Microsoft.KeyVault/vaults/bwco-ent-prod-edh-use-kv/secrets/sec-azure-sql-admin-pwd",
            "tags": null,
            "timeouts": null,
            "value": "Y6bR%TDDH6Db55LYFdso_IH4kF6bl^",
            "version": "5c6b74236ac646f98105a3106783a202",
            "versionless_id": "https://bwco-ent-prod-edh-use-kv.vault.azure.net/secrets/sec-azure-sql-admin-pwd"
          },
          "sensitive_attributes": [
            [
              {
                "type": "get_attr",
                "value": "value"
              }
            ]
          ],
          "private": "eyJlMmJmYjczMC1lY2FhLTExZTYtOGY4OC0zNDM2M2JjN2M0YzAiOnsiY3JlYXRlIjoxODAwMDAwMDAwMDAwLCJkZWxldGUiOjE4MDAwMDAwMDAwMDAsInJlYWQiOjE4MDAwMDAwMDAwMDAsInVwZGF0ZSI6MTgwMDAwMDAwMDAwMH19",
          "dependencies": [
            "azurerm_key_vault.kv",
            "azurerm_key_vault_access_policy.current_user",
            "data.azurerm_client_config.current",
            "data.azurerm_resource_group.primary_rg",
            "random_password.sql_pwd"
          ]
        }
      ]
    },
    {
      "mode": "managed",
      "type": "azurerm_key_vault_secret",
      "name": "sql_user",
      "provider": "provider[\"registry.terraform.io/hashicorp/azurerm\"]",
      "instances": [
        {
          "schema_version": 0,
          "attributes": {
            "content_type": "",
            "expiration_date": null,
            "id": "https://bwco-ent-prod-edh-use-kv.vault.azure.net/secrets/sec-azure-sql-admin-user/d31658817d104d0cb14fb2b1c4b8f76a",
            "key_vault_id": "/subscriptions/d0cfa11c-65dd-43d8-829c-f883705aba8a/resourceGroups/BWCO-ENT-PROD-EDH/providers/Microsoft.KeyVault/vaults/bwco-ent-prod-edh-use-kv",
            "name": "sec-azure-sql-admin-user",
            "not_before_date": null,
            "resource_id": "/subscriptions/d0cfa11c-65dd-43d8-829c-f883705aba8a/resourceGroups/BWCO-ENT-PROD-EDH/providers/Microsoft.KeyVault/vaults/bwco-ent-prod-edh-use-kv/secrets/sec-azure-sql-admin-user/versions/d31658817d104d0cb14fb2b1c4b8f76a",
            "resource_versionless_id": "/subscriptions/d0cfa11c-65dd-43d8-829c-f883705aba8a/resourceGroups/BWCO-ENT-PROD-EDH/providers/Microsoft.KeyVault/vaults/bwco-ent-prod-edh-use-kv/secrets/sec-azure-sql-admin-user",
            "tags": null,
            "timeouts": null,
            "value": "sqlAdminUser",
            "version": "d31658817d104d0cb14fb2b1c4b8f76a",
            "versionless_id": "https://bwco-ent-prod-edh-use-kv.vault.azure.net/secrets/sec-azure-sql-admin-user"
          },
          "sensitive_attributes": [],
          "private": "eyJlMmJmYjczMC1lY2FhLTExZTYtOGY4OC0zNDM2M2JjN2M0YzAiOnsiY3JlYXRlIjoxODAwMDAwMDAwMDAwLCJkZWxldGUiOjE4MDAwMDAwMDAwMDAsInJlYWQiOjE4MDAwMDAwMDAwMDAsInVwZGF0ZSI6MTgwMDAwMDAwMDAwMH19",
          "dependencies": [
            "azurerm_key_vault.kv",
            "azurerm_key_vault_access_policy.current_user",
            "data.azurerm_client_config.current",
            "data.azurerm_resource_group.primary_rg"
          ]
        }
      ]
    },
    {
      "mode": "managed",
      "type": "azurerm_key_vault_secret",
      "name": "subscription_secret",
      "provider": "provider[\"registry.terraform.io/hashicorp/azurerm\"]",
      "instances": [
        {
          "schema_version": 0,
          "attributes": {
            "content_type": "",
            "expiration_date": null,
            "id": "https://bwco-ent-prod-edh-use-kv.vault.azure.net/secrets/sec-subscription-id/ef341b8784e741e28471835e8625d659",
            "key_vault_id": "/subscriptions/d0cfa11c-65dd-43d8-829c-f883705aba8a/resourceGroups/BWCO-ENT-PROD-EDH/providers/Microsoft.KeyVault/vaults/bwco-ent-prod-edh-use-kv",
            "name": "sec-subscription-id",
            "not_before_date": null,
            "resource_id": "/subscriptions/d0cfa11c-65dd-43d8-829c-f883705aba8a/resourceGroups/BWCO-ENT-PROD-EDH/providers/Microsoft.KeyVault/vaults/bwco-ent-prod-edh-use-kv/secrets/sec-subscription-id/versions/ef341b8784e741e28471835e8625d659",
            "resource_versionless_id": "/subscriptions/d0cfa11c-65dd-43d8-829c-f883705aba8a/resourceGroups/BWCO-ENT-PROD-EDH/providers/Microsoft.KeyVault/vaults/bwco-ent-prod-edh-use-kv/secrets/sec-subscription-id",
            "tags": null,
            "timeouts": null,
            "value": "d0cfa11c-65dd-43d8-829c-f883705aba8a",
            "version": "ef341b8784e741e28471835e8625d659",
            "versionless_id": "https://bwco-ent-prod-edh-use-kv.vault.azure.net/secrets/sec-subscription-id"
          },
          "sensitive_attributes": [],
          "private": "eyJlMmJmYjczMC1lY2FhLTExZTYtOGY4OC0zNDM2M2JjN2M0YzAiOnsiY3JlYXRlIjoxODAwMDAwMDAwMDAwLCJkZWxldGUiOjE4MDAwMDAwMDAwMDAsInJlYWQiOjE4MDAwMDAwMDAwMDAsInVwZGF0ZSI6MTgwMDAwMDAwMDAwMH19",
          "dependencies": [
            "azurerm_key_vault.kv",
            "azurerm_key_vault_access_policy.current_user",
            "data.azurerm_client_config.current",
            "data.azurerm_resource_group.primary_rg"
          ]
        }
      ]
    },
    {
      "mode": "managed",
      "type": "azurerm_key_vault_secret",
      "name": "tenant_secret",
      "provider": "provider[\"registry.terraform.io/hashicorp/azurerm\"]",
      "instances": [
        {
          "schema_version": 0,
          "attributes": {
            "content_type": "",
            "expiration_date": null,
            "id": "https://bwco-ent-prod-edh-use-kv.vault.azure.net/secrets/sec-tenant-id/dd88943ccda741b4bed5d1376478bf98",
            "key_vault_id": "/subscriptions/d0cfa11c-65dd-43d8-829c-f883705aba8a/resourceGroups/BWCO-ENT-PROD-EDH/providers/Microsoft.KeyVault/vaults/bwco-ent-prod-edh-use-kv",
            "name": "sec-tenant-id",
            "not_before_date": null,
            "resource_id": "/subscriptions/d0cfa11c-65dd-43d8-829c-f883705aba8a/resourceGroups/BWCO-ENT-PROD-EDH/providers/Microsoft.KeyVault/vaults/bwco-ent-prod-edh-use-kv/secrets/sec-tenant-id/versions/dd88943ccda741b4bed5d1376478bf98",
            "resource_versionless_id": "/subscriptions/d0cfa11c-65dd-43d8-829c-f883705aba8a/resourceGroups/BWCO-ENT-PROD-EDH/providers/Microsoft.KeyVault/vaults/bwco-ent-prod-edh-use-kv/secrets/sec-tenant-id",
            "tags": null,
            "timeouts": null,
            "value": "619282f7-d1dc-49f4-857f-86a827636052",
            "version": "dd88943ccda741b4bed5d1376478bf98",
            "versionless_id": "https://bwco-ent-prod-edh-use-kv.vault.azure.net/secrets/sec-tenant-id"
          },
          "sensitive_attributes": [],
          "private": "eyJlMmJmYjczMC1lY2FhLTExZTYtOGY4OC0zNDM2M2JjN2M0YzAiOnsiY3JlYXRlIjoxODAwMDAwMDAwMDAwLCJkZWxldGUiOjE4MDAwMDAwMDAwMDAsInJlYWQiOjE4MDAwMDAwMDAwMDAsInVwZGF0ZSI6MTgwMDAwMDAwMDAwMH19",
          "dependencies": [
            "azurerm_key_vault.kv",
            "azurerm_key_vault_access_policy.current_user",
            "data.azurerm_client_config.current",
            "data.azurerm_resource_group.primary_rg"
          ]
        }
      ]
    },
    {
      "mode": "managed",
      "type": "azurerm_logic_app_action_custom",
      "name": "email_notify_init",
      "provider": "provider[\"registry.terraform.io/hashicorp/azurerm\"]",
      "instances": [
        {
          "schema_version": 0,
          "attributes": {
            "body": "{\"description\":\"A variable to configure the auto expiration age in days. Configured in negative number. Default is -30 (30 days old).\",\"inputs\":{\"variables\":[{\"name\":\"Email Body\",\"type\":\"string\",\"value\":\"\\u003chr/\\u003e\\nDataFactoryName: \\u003cb\\u003e@{triggerBody()?['DataFactoryName']}\\u003c/b\\u003e\\u003cbr/\\u003e\\nPipelineName: \\u003cb\\u003e@{triggerBody()?['PipelineName']}\\u003c/b\\u003e\\u003cbr/\\u003e\\nPipelineRunID: \\u003cb\\u003e@{triggerBody()?['PipelineRunID']}\\u003c/b\\u003e\\u003cbr/\\u003e\\n\\u003cp style='color:@{triggerBody()?['Color']}'\\u003eMessage: @{triggerBody()?['Message']}\\u003c/p\\u003e\\n\\u003chr/\\u003e\\n\\u003cp style='color:Gray'\\u003e Please don't reply to this auto generated notification e-mail. Contact us if you have any questions. \\u003c/p\\u003e\"}]},\"runAfter\":{},\"type\":\"InitializeVariable\"}",
            "id": "/subscriptions/d0cfa11c-65dd-43d8-829c-f883705aba8a/resourceGroups/BWCO-ENT-PROD-EDH/providers/Microsoft.Logic/workflows/bwco-ent-prod-edh-use-logic/actions/initialize-variables",
            "logic_app_id": "/subscriptions/d0cfa11c-65dd-43d8-829c-f883705aba8a/resourceGroups/BWCO-ENT-PROD-EDH/providers/Microsoft.Logic/workflows/bwco-ent-prod-edh-use-logic",
            "name": "initialize-variables",
            "timeouts": null
          },
          "sensitive_attributes": [],
          "private": "eyJlMmJmYjczMC1lY2FhLTExZTYtOGY4OC0zNDM2M2JjN2M0YzAiOnsiY3JlYXRlIjoxODAwMDAwMDAwMDAwLCJkZWxldGUiOjE4MDAwMDAwMDAwMDAsInJlYWQiOjMwMDAwMDAwMDAwMCwidXBkYXRlIjoxODAwMDAwMDAwMDAwfX0=",
          "dependencies": [
            "azurerm_logic_app_workflow.email_notify_lawf",
            "data.azurerm_resource_group.primary_rg"
          ]
        }
      ]
    },
    {
      "mode": "managed",
      "type": "azurerm_logic_app_action_custom",
      "name": "email_notify_send",
      "provider": "provider[\"registry.terraform.io/hashicorp/azurerm\"]",
      "instances": [
        {
          "schema_version": 0,
          "attributes": {
            "body": "{\"description\":\"A variable to configure the auto expiration age in days. Configured in negative number. Default is -30 (30 days old).\",\"inputs\":{\"body\":{\"Body\":\"\\u003cp\\u003e\\u003cbr\\u003e\\n@{variables('Email Body')}\\u003cbr\\u003e\\n\\u003c/p\\u003e\",\"Importance\":\"@triggerBody()?['Importance']\",\"Subject\":\"@triggerBody()?['Subject']\",\"To\":\"@triggerBody()?['EmailTo']\"},\"host\":{\"connection\":{\"name\":\"@parameters('$connections')['office365_1']['connectionId']\"}},\"method\":\"post\",\"path\":\"/v2/Mail\"},\"runAfter\":{\"initialize-variables\":[\"Succeeded\"]},\"type\":\"ApiConnection\"}",
            "id": "/subscriptions/d0cfa11c-65dd-43d8-829c-f883705aba8a/resourceGroups/BWCO-ENT-PROD-EDH/providers/Microsoft.Logic/workflows/bwco-ent-prod-edh-use-logic/actions/send-email",
            "logic_app_id": "/subscriptions/d0cfa11c-65dd-43d8-829c-f883705aba8a/resourceGroups/BWCO-ENT-PROD-EDH/providers/Microsoft.Logic/workflows/bwco-ent-prod-edh-use-logic",
            "name": "send-email",
            "timeouts": null
          },
          "sensitive_attributes": [],
          "private": "eyJlMmJmYjczMC1lY2FhLTExZTYtOGY4OC0zNDM2M2JjN2M0YzAiOnsiY3JlYXRlIjoxODAwMDAwMDAwMDAwLCJkZWxldGUiOjE4MDAwMDAwMDAwMDAsInJlYWQiOjMwMDAwMDAwMDAwMCwidXBkYXRlIjoxODAwMDAwMDAwMDAwfX0=",
          "dependencies": [
            "azurerm_logic_app_action_custom.email_notify_init",
            "azurerm_logic_app_workflow.email_notify_lawf",
            "data.azurerm_resource_group.primary_rg"
          ]
        }
      ]
    },
    {
      "mode": "managed",
      "type": "azurerm_logic_app_trigger_http_request",
      "name": "email_notify_http",
      "provider": "provider[\"registry.terraform.io/hashicorp/azurerm\"]",
      "instances": [
        {
          "schema_version": 0,
          "attributes": {
            "callback_url": "https://prod-54.eastus.logic.azure.com:443/workflows/733070bea2ad4a28a516b5b5967e1142/triggers/http-post-trigger/paths/invoke?api-version=2019-05-01\u0026sp=%2Ftriggers%2Fhttp-post-trigger%2Frun\u0026sv=1.0\u0026sig=OTGd9fPk86hftedw96tLmxHtfve4pqIiZ-xpsAbEfYc",
            "id": "/subscriptions/d0cfa11c-65dd-43d8-829c-f883705aba8a/resourceGroups/BWCO-ENT-PROD-EDH/providers/Microsoft.Logic/workflows/bwco-ent-prod-edh-use-logic/triggers/http-post-trigger",
            "logic_app_id": "/subscriptions/d0cfa11c-65dd-43d8-829c-f883705aba8a/resourceGroups/BWCO-ENT-PROD-EDH/providers/Microsoft.Logic/workflows/bwco-ent-prod-edh-use-logic",
            "method": null,
            "name": "http-post-trigger",
            "relative_path": null,
            "schema": "{\"properties\":{\"Color\":{\"type\":\"string\"},\"DataFactoryName\":{\"type\":\"string\"},\"EmailTo\":{\"type\":\"string\"},\"Importance\":{\"type\":\"string\"},\"Message\":{\"type\":\"string\"},\"PipelineName\":{\"type\":\"string\"},\"PipelineRunID\":{\"type\":\"string\"},\"Subject\":{\"type\":\"string\"}},\"type\":\"object\"}",
            "timeouts": null
          },
          "sensitive_attributes": [],
          "private": "eyJlMmJmYjczMC1lY2FhLTExZTYtOGY4OC0zNDM2M2JjN2M0YzAiOnsiY3JlYXRlIjoxODAwMDAwMDAwMDAwLCJkZWxldGUiOjE4MDAwMDAwMDAwMDAsInJlYWQiOjMwMDAwMDAwMDAwMCwidXBkYXRlIjoxODAwMDAwMDAwMDAwfX0=",
          "dependencies": [
            "azurerm_logic_app_workflow.email_notify_lawf",
            "data.azurerm_resource_group.primary_rg"
          ]
        }
      ]
    },
    {
      "mode": "managed",
      "type": "azurerm_logic_app_workflow",
      "name": "email_notify_lawf",
      "provider": "provider[\"registry.terraform.io/hashicorp/azurerm\"]",
      "instances": [
        {
          "schema_version": 0,
          "attributes": {
            "access_control": [],
            "access_endpoint": "https://prod-54.eastus.logic.azure.com:443/workflows/733070bea2ad4a28a516b5b5967e1142",
            "connector_endpoint_ip_addresses": [],
            "connector_outbound_ip_addresses": [
              "40.71.249.139",
              "40.71.249.205",
              "40.114.40.132",
              "40.71.11.80/28",
              "40.71.15.160/27",
              "52.188.157.160",
              "20.88.153.176/28",
              "20.88.153.192/27",
              "52.151.221.184",
              "52.151.221.119"
            ],
            "enabled": true,
            "id": "/subscriptions/d0cfa11c-65dd-43d8-829c-f883705aba8a/resourceGroups/BWCO-ENT-PROD-EDH/providers/Microsoft.Logic/workflows/bwco-ent-prod-edh-use-logic",
            "identity": [],
            "integration_service_environment_id": "",
            "location": "eastus",
            "logic_app_integration_account_id": "",
            "name": "bwco-ent-prod-edh-use-logic",
            "parameters": null,
            "resource_group_name": "BWCO-ENT-PROD-EDH",
            "tags": {
              "Application": "edh",
              "Division": "ENT",
              "Environment": "prod",
              "Platform": "BWCO"
            },
            "timeouts": null,
            "workflow_endpoint_ip_addresses": [
              "137.135.106.54",
              "40.117.99.79",
              "40.117.100.228",
              "137.116.126.165",
              "52.226.216.209",
              "40.76.151.124",
              "20.84.29.150",
              "40.76.174.148"
            ],
            "workflow_outbound_ip_addresses": [
              "13.92.98.111",
              "40.121.91.41",
              "40.114.82.191",
              "23.101.139.153",
              "23.100.29.190",
              "23.101.136.201",
              "104.45.153.81",
              "23.101.132.208",
              "52.226.216.197",
              "52.226.216.187",
              "40.76.151.25",
              "40.76.148.50",
              "20.84.29.29",
              "20.84.29.18",
              "40.76.174.83",
              "40.76.174.39"
            ],
            "workflow_parameters": null,
            "workflow_schema": "https://schema.management.azure.com/providers/Microsoft.Logic/schemas/2016-06-01/workflowdefinition.json#",
            "workflow_version": "1.0.0.0"
          },
          "sensitive_attributes": [],
          "private": "eyJlMmJmYjczMC1lY2FhLTExZTYtOGY4OC0zNDM2M2JjN2M0YzAiOnsiY3JlYXRlIjoxODAwMDAwMDAwMDAwLCJkZWxldGUiOjE4MDAwMDAwMDAwMDAsInJlYWQiOjMwMDAwMDAwMDAwMCwidXBkYXRlIjoxODAwMDAwMDAwMDAwfX0=",
          "dependencies": [
            "data.azurerm_resource_group.primary_rg"
          ]
        }
      ]
    },
    {
      "mode": "managed",
      "type": "azurerm_mssql_database",
      "name": "sqldb",
      "provider": "provider[\"registry.terraform.io/hashicorp/azurerm\"]",
      "instances": [
        {
          "schema_version": 1,
          "attributes": {
            "auto_pause_delay_in_minutes": 60,
            "collation": "SQL_Latin1_General_CP1_CI_AS",
            "create_mode": "Default",
            "creation_source_database_id": null,
            "elastic_pool_id": "",
            "enclave_type": "",
            "geo_backup_enabled": true,
            "id": "/subscriptions/d0cfa11c-65dd-43d8-829c-f883705aba8a/resourceGroups/BWCO-ENT-PROD-EDH/providers/Microsoft.Sql/servers/bwco-ent-prod-metadata-edh-use-sql/databases/metadata",
            "import": [],
            "ledger_enabled": false,
            "license_type": "",
            "long_term_retention_policy": [
              {
                "monthly_retention": "PT0S",
                "week_of_year": 1,
                "weekly_retention": "PT0S",
                "yearly_retention": "PT0S"
              }
            ],
            "maintenance_configuration_name": "SQL_Default",
            "max_size_gb": 200,
            "min_capacity": 1.25,
            "name": "metadata",
            "read_replica_count": 0,
            "read_scale": false,
            "recover_database_id": null,
            "restore_dropped_database_id": null,
            "restore_point_in_time": null,
            "sample_name": null,
            "server_id": "/subscriptions/d0cfa11c-65dd-43d8-829c-f883705aba8a/resourceGroups/BWCO-ENT-PROD-EDH/providers/Microsoft.Sql/servers/bwco-ent-prod-metadata-edh-use-sql",
            "short_term_retention_policy": [
              {
                "backup_interval_in_hours": 12,
                "retention_days": 7
              }
            ],
            "sku_name": "GP_S_Gen5_4",
            "storage_account_type": "Geo",
            "tags": {
              "Division": "ENT",
              "Platform": "BWCO"
            },
            "threat_detection_policy": [
              {
                "disabled_alerts": [],
                "email_account_admins": "Disabled",
                "email_addresses": [],
                "retention_days": 0,
                "state": "Disabled",
                "storage_account_access_key": "",
                "storage_endpoint": ""
              }
            ],
            "timeouts": null,
            "transparent_data_encryption_enabled": true,
            "zone_redundant": false
          },
          "sensitive_attributes": [],
          "private": "eyJlMmJmYjczMC1lY2FhLTExZTYtOGY4OC0zNDM2M2JjN2M0YzAiOnsiY3JlYXRlIjozNjAwMDAwMDAwMDAwLCJkZWxldGUiOjM2MDAwMDAwMDAwMDAsInJlYWQiOjMwMDAwMDAwMDAwMCwidXBkYXRlIjozNjAwMDAwMDAwMDAwfSwic2NoZW1hX3ZlcnNpb24iOiIxIn0=",
          "dependencies": [
            "azurerm_mssql_server.sqlserver",
            "data.azurerm_client_config.current",
            "data.azurerm_resource_group.primary_rg",
            "random_password.sql_pwd"
          ]
        }
      ]
    },
    {
      "mode": "managed",
      "type": "azurerm_mssql_firewall_rule",
      "name": "allowazureresources",
      "provider": "provider[\"registry.terraform.io/hashicorp/azurerm\"]",
      "instances": [
        {
          "schema_version": 0,
          "attributes": {
            "end_ip_address": "0.0.0.0",
            "id": "/subscriptions/d0cfa11c-65dd-43d8-829c-f883705aba8a/resourceGroups/BWCO-ENT-PROD-EDH/providers/Microsoft.Sql/servers/bwco-ent-prod-metadata-edh-use-sql/firewallRules/AllowAzureResourcesAccess",
            "name": "AllowAzureResourcesAccess",
            "server_id": "/subscriptions/d0cfa11c-65dd-43d8-829c-f883705aba8a/resourceGroups/BWCO-ENT-PROD-EDH/providers/Microsoft.Sql/servers/bwco-ent-prod-metadata-edh-use-sql",
            "start_ip_address": "0.0.0.0",
            "timeouts": null
          },
          "sensitive_attributes": [],
          "private": "eyJlMmJmYjczMC1lY2FhLTExZTYtOGY4OC0zNDM2M2JjN2M0YzAiOnsiY3JlYXRlIjoxODAwMDAwMDAwMDAwLCJkZWxldGUiOjE4MDAwMDAwMDAwMDAsInJlYWQiOjMwMDAwMDAwMDAwMCwidXBkYXRlIjoxODAwMDAwMDAwMDAwfX0=",
          "dependencies": [
            "azurerm_mssql_server.sqlserver",
            "data.azurerm_client_config.current",
            "data.azurerm_resource_group.primary_rg",
            "random_password.sql_pwd"
          ]
        }
      ]
    },
    {
      "mode": "managed",
      "type": "azurerm_mssql_firewall_rule",
      "name": "sql_firewall_rule",
      "provider": "provider[\"registry.terraform.io/hashicorp/azurerm\"]",
      "instances": [
        {
          "schema_version": 0,
          "attributes": {
            "end_ip_address": "15.207.255.36",
            "id": "/subscriptions/d0cfa11c-65dd-43d8-829c-f883705aba8a/resourceGroups/BWCO-ENT-PROD-EDH/providers/Microsoft.Sql/servers/bwco-ent-prod-metadata-edh-use-sql/firewallRules/ClientIP-ProvisioningUser",
            "name": "ClientIP-ProvisioningUser",
            "server_id": "/subscriptions/d0cfa11c-65dd-43d8-829c-f883705aba8a/resourceGroups/BWCO-ENT-PROD-EDH/providers/Microsoft.Sql/servers/bwco-ent-prod-metadata-edh-use-sql",
            "start_ip_address": "15.207.255.36",
            "timeouts": null
          },
          "sensitive_attributes": [],
          "private": "eyJlMmJmYjczMC1lY2FhLTExZTYtOGY4OC0zNDM2M2JjN2M0YzAiOnsiY3JlYXRlIjoxODAwMDAwMDAwMDAwLCJkZWxldGUiOjE4MDAwMDAwMDAwMDAsInJlYWQiOjMwMDAwMDAwMDAwMCwidXBkYXRlIjoxODAwMDAwMDAwMDAwfX0=",
          "dependencies": [
            "azurerm_mssql_server.sqlserver",
            "data.azurerm_client_config.current",
            "data.azurerm_resource_group.primary_rg",
            "data.http.myip",
            "random_password.sql_pwd"
          ]
        }
      ]
    },
    {
      "mode": "managed",
      "type": "azurerm_mssql_server",
      "name": "sqlserver",
      "provider": "provider[\"registry.terraform.io/hashicorp/azurerm\"]",
      "instances": [
        {
          "schema_version": 0,
          "attributes": {
            "administrator_login": "sqlAdminUser",
            "administrator_login_password": "Y6bR%TDDH6Db55LYFdso_IH4kF6bl^",
            "azuread_administrator": [
              {
                "azuread_authentication_only": false,
                "login_username": "ted.tasker@insight.com",
                "object_id": "611d193e-923a-4959-bfdc-68e5c467d7c1",
                "tenant_id": "619282f7-d1dc-49f4-857f-86a827636052"
              }
            ],
            "connection_policy": "Default",
            "fully_qualified_domain_name": "bwco-ent-prod-metadata-edh-use-sql.database.windows.net",
            "id": "/subscriptions/d0cfa11c-65dd-43d8-829c-f883705aba8a/resourceGroups/BWCO-ENT-PROD-EDH/providers/Microsoft.Sql/servers/bwco-ent-prod-metadata-edh-use-sql",
            "identity": [],
            "location": "eastus",
            "minimum_tls_version": "1.2",
            "name": "bwco-ent-prod-metadata-edh-use-sql",
            "outbound_network_restriction_enabled": false,
            "primary_user_assigned_identity_id": "",
            "public_network_access_enabled": true,
            "resource_group_name": "BWCO-ENT-PROD-EDH",
            "restorable_dropped_database_ids": [],
            "tags": {
              "Division": "ENT",
              "Platform": "BWCO"
            },
            "timeouts": null,
            "transparent_data_encryption_key_vault_key_id": "",
            "version": "12.0"
          },
          "sensitive_attributes": [
            [
              {
                "type": "get_attr",
                "value": "administrator_login_password"
              }
            ]
          ],
          "private": "eyJlMmJmYjczMC1lY2FhLTExZTYtOGY4OC0zNDM2M2JjN2M0YzAiOnsiY3JlYXRlIjozNjAwMDAwMDAwMDAwLCJkZWxldGUiOjM2MDAwMDAwMDAwMDAsInJlYWQiOjMwMDAwMDAwMDAwMCwidXBkYXRlIjozNjAwMDAwMDAwMDAwfX0=",
          "dependencies": [
            "data.azurerm_client_config.current",
            "data.azurerm_resource_group.primary_rg",
            "random_password.sql_pwd"
          ]
        }
      ]
    },
    {
      "mode": "managed",
      "type": "azurerm_role_assignment",
      "name": "dfd2",
      "provider": "provider[\"registry.terraform.io/hashicorp/azurerm\"]",
      "instances": [
        {
          "schema_version": 0,
          "attributes": {
            "condition": "",
            "condition_version": "",
            "delegated_managed_identity_resource_id": "",
            "description": "",
            "id": "/subscriptions/d0cfa11c-65dd-43d8-829c-f883705aba8a/resourceGroups/BWCO-ENT-PROD-EDH/providers/Microsoft.Databricks/workspaces/bwco-ent-prod-edh-use-dbw/providers/Microsoft.Authorization/roleAssignments/b5342715-f7ed-ec40-78ae-a4f295c79bc1",
            "name": "b5342715-f7ed-ec40-78ae-a4f295c79bc1",
            "principal_id": "c8c281ee-d805-4db4-b7c0-9b03274a35d3",
            "principal_type": "ServicePrincipal",
            "role_definition_id": "/subscriptions/d0cfa11c-65dd-43d8-829c-f883705aba8a/providers/Microsoft.Authorization/roleDefinitions/b24988ac-6180-42a0-ab88-20f7382dd24c",
            "role_definition_name": "Contributor",
            "scope": "/subscriptions/d0cfa11c-65dd-43d8-829c-f883705aba8a/resourceGroups/BWCO-ENT-PROD-EDH/providers/Microsoft.Databricks/workspaces/bwco-ent-prod-edh-use-dbw",
            "skip_service_principal_aad_check": true,
            "timeouts": null
          },
          "sensitive_attributes": [],
          "private": "eyJlMmJmYjczMC1lY2FhLTExZTYtOGY4OC0zNDM2M2JjN2M0YzAiOnsiY3JlYXRlIjoxODAwMDAwMDAwMDAwLCJkZWxldGUiOjE4MDAwMDAwMDAwMDAsInJlYWQiOjMwMDAwMDAwMDAwMH19",
          "dependencies": [
            "azurerm_data_factory.adf",
            "azurerm_databricks_workspace.dbw",
            "data.azurerm_resource_group.primary_rg"
          ]
        }
      ]
    },
    {
      "mode": "managed",
      "type": "azurerm_role_assignment",
      "name": "dfdl",
      "provider": "provider[\"registry.terraform.io/hashicorp/azurerm\"]",
      "instances": [
        {
          "schema_version": 0,
          "attributes": {
            "condition": "",
            "condition_version": "",
            "delegated_managed_identity_resource_id": "",
            "description": "",
            "id": "/subscriptions/d0cfa11c-65dd-43d8-829c-f883705aba8a/resourceGroups/BWCO-ENT-PROD-EDH/providers/Microsoft.Storage/storageAccounts/bwcoentprodedhusedls/providers/Microsoft.Authorization/roleAssignments/c7dda25e-b3c7-0558-573e-4473129b9061",
            "name": "c7dda25e-b3c7-0558-573e-4473129b9061",
            "principal_id": "c8c281ee-d805-4db4-b7c0-9b03274a35d3",
            "principal_type": "ServicePrincipal",
            "role_definition_id": "/subscriptions/d0cfa11c-65dd-43d8-829c-f883705aba8a/providers/Microsoft.Authorization/roleDefinitions/ba92f5b4-2d11-453d-a403-e96b0029c9fe",
            "role_definition_name": "Storage Blob Data Contributor",
            "scope": "/subscriptions/d0cfa11c-65dd-43d8-829c-f883705aba8a/resourceGroups/BWCO-ENT-PROD-EDH/providers/Microsoft.Storage/storageAccounts/bwcoentprodedhusedls",
            "skip_service_principal_aad_check": true,
            "timeouts": null
          },
          "sensitive_attributes": [],
          "private": "eyJlMmJmYjczMC1lY2FhLTExZTYtOGY4OC0zNDM2M2JjN2M0YzAiOnsiY3JlYXRlIjoxODAwMDAwMDAwMDAwLCJkZWxldGUiOjE4MDAwMDAwMDAwMDAsInJlYWQiOjMwMDAwMDAwMDAwMH19",
          "dependencies": [
            "azurerm_data_factory.adf",
            "azurerm_key_vault.kv",
            "azurerm_storage_account.datalake",
            "data.azurerm_client_config.current",
            "data.azurerm_resource_group.primary_rg"
          ]
        }
      ]
    },
    {
      "mode": "managed",
      "type": "azurerm_storage_account",
      "name": "datalake",
      "provider": "provider[\"registry.terraform.io/hashicorp/azurerm\"]",
      "instances": [
        {
          "schema_version": 4,
          "attributes": {
            "access_tier": "Hot",
            "account_kind": "StorageV2",
            "account_replication_type": "GRS",
            "account_tier": "Standard",
            "allow_nested_items_to_be_public": true,
            "allowed_copy_scope": "",
            "azure_files_authentication": [],
            "blob_properties": [
              {
                "change_feed_enabled": false,
                "change_feed_retention_in_days": 0,
                "container_delete_retention_policy": [],
                "cors_rule": [],
                "default_service_version": "",
                "delete_retention_policy": [],
                "last_access_time_enabled": false,
                "restore_policy": [],
                "versioning_enabled": false
              }
            ],
            "cross_tenant_replication_enabled": true,
            "custom_domain": [],
            "customer_managed_key": [],
            "default_to_oauth_authentication": false,
            "edge_zone": "",
            "enable_https_traffic_only": true,
            "id": "/subscriptions/d0cfa11c-65dd-43d8-829c-f883705aba8a/resourceGroups/BWCO-ENT-PROD-EDH/providers/Microsoft.Storage/storageAccounts/bwcoentprodedhusedls",
            "identity": [],
            "immutability_policy": [],
            "infrastructure_encryption_enabled": false,
            "is_hns_enabled": true,
            "large_file_share_enabled": null,
            "location": "eastus",
            "min_tls_version": "TLS1_2",
            "name": "bwcoentprodedhusedls",
            "network_rules": [
              {
                "bypass": [
                  "AzureServices"
                ],
                "default_action": "Allow",
                "ip_rules": [],
                "private_link_access": [],
                "virtual_network_subnet_ids": []
              }
            ],
            "nfsv3_enabled": false,
            "primary_access_key": "MBX574fwz8gwQo6e2jIljikUB46034A8QOuAhJG51cvWvcqUfm6kwQAnL+HcLLs7DMVnYLeu+Tfw+AStPz5kkA==",
            "primary_blob_connection_string": "DefaultEndpointsProtocol=https;BlobEndpoint=https://bwcoentprodedhusedls.blob.core.windows.net/;AccountName=bwcoentprodedhusedls;AccountKey=MBX574fwz8gwQo6e2jIljikUB46034A8QOuAhJG51cvWvcqUfm6kwQAnL+HcLLs7DMVnYLeu+Tfw+AStPz5kkA==",
            "primary_blob_endpoint": "https://bwcoentprodedhusedls.blob.core.windows.net/",
            "primary_blob_host": "bwcoentprodedhusedls.blob.core.windows.net",
            "primary_blob_internet_endpoint": null,
            "primary_blob_internet_host": null,
            "primary_blob_microsoft_endpoint": null,
            "primary_blob_microsoft_host": null,
            "primary_connection_string": "DefaultEndpointsProtocol=https;AccountName=bwcoentprodedhusedls;AccountKey=MBX574fwz8gwQo6e2jIljikUB46034A8QOuAhJG51cvWvcqUfm6kwQAnL+HcLLs7DMVnYLeu+Tfw+AStPz5kkA==;EndpointSuffix=core.windows.net",
            "primary_dfs_endpoint": "https://bwcoentprodedhusedls.dfs.core.windows.net/",
            "primary_dfs_host": "bwcoentprodedhusedls.dfs.core.windows.net",
            "primary_dfs_internet_endpoint": null,
            "primary_dfs_internet_host": null,
            "primary_dfs_microsoft_endpoint": null,
            "primary_dfs_microsoft_host": null,
            "primary_file_endpoint": "https://bwcoentprodedhusedls.file.core.windows.net/",
            "primary_file_host": "bwcoentprodedhusedls.file.core.windows.net",
            "primary_file_internet_endpoint": null,
            "primary_file_internet_host": null,
            "primary_file_microsoft_endpoint": null,
            "primary_file_microsoft_host": null,
            "primary_location": "eastus",
            "primary_queue_endpoint": "https://bwcoentprodedhusedls.queue.core.windows.net/",
            "primary_queue_host": "bwcoentprodedhusedls.queue.core.windows.net",
            "primary_queue_microsoft_endpoint": null,
            "primary_queue_microsoft_host": null,
            "primary_table_endpoint": "https://bwcoentprodedhusedls.table.core.windows.net/",
            "primary_table_host": "bwcoentprodedhusedls.table.core.windows.net",
            "primary_table_microsoft_endpoint": null,
            "primary_table_microsoft_host": null,
            "primary_web_endpoint": "https://bwcoentprodedhusedls.z13.web.core.windows.net/",
            "primary_web_host": "bwcoentprodedhusedls.z13.web.core.windows.net",
            "primary_web_internet_endpoint": null,
            "primary_web_internet_host": null,
            "primary_web_microsoft_endpoint": null,
            "primary_web_microsoft_host": null,
            "public_network_access_enabled": true,
            "queue_encryption_key_type": "Service",
            "queue_properties": [
              {
                "cors_rule": [],
                "hour_metrics": [
                  {
                    "enabled": true,
                    "include_apis": true,
                    "retention_policy_days": 7,
                    "version": "1.0"
                  }
                ],
                "logging": [
                  {
                    "delete": false,
                    "read": false,
                    "retention_policy_days": 0,
                    "version": "1.0",
                    "write": false
                  }
                ],
                "minute_metrics": [
                  {
                    "enabled": false,
                    "include_apis": false,
                    "retention_policy_days": 0,
                    "version": "1.0"
                  }
                ]
              }
            ],
            "resource_group_name": "BWCO-ENT-PROD-EDH",
            "routing": [],
            "sas_policy": [],
            "secondary_access_key": "Kkof/h73NY1RVyalIqGEXOxkJjFd+kt8P4DA2d72hkrkTqkXCmnI2exuTP8Bmr9NkC5Vk4M4e+2o+AStndih+A==",
            "secondary_blob_connection_string": "",
            "secondary_blob_endpoint": null,
            "secondary_blob_host": null,
            "secondary_blob_internet_endpoint": null,
            "secondary_blob_internet_host": null,
            "secondary_blob_microsoft_endpoint": null,
            "secondary_blob_microsoft_host": null,
            "secondary_connection_string": "DefaultEndpointsProtocol=https;AccountName=bwcoentprodedhusedls;AccountKey=Kkof/h73NY1RVyalIqGEXOxkJjFd+kt8P4DA2d72hkrkTqkXCmnI2exuTP8Bmr9NkC5Vk4M4e+2o+AStndih+A==;EndpointSuffix=core.windows.net",
            "secondary_dfs_endpoint": null,
            "secondary_dfs_host": null,
            "secondary_dfs_internet_endpoint": null,
            "secondary_dfs_internet_host": null,
            "secondary_dfs_microsoft_endpoint": null,
            "secondary_dfs_microsoft_host": null,
            "secondary_file_endpoint": null,
            "secondary_file_host": null,
            "secondary_file_internet_endpoint": null,
            "secondary_file_internet_host": null,
            "secondary_file_microsoft_endpoint": null,
            "secondary_file_microsoft_host": null,
            "secondary_location": "westus",
            "secondary_queue_endpoint": null,
            "secondary_queue_host": null,
            "secondary_queue_microsoft_endpoint": null,
            "secondary_queue_microsoft_host": null,
            "secondary_table_endpoint": null,
            "secondary_table_host": null,
            "secondary_table_microsoft_endpoint": null,
            "secondary_table_microsoft_host": null,
            "secondary_web_endpoint": null,
            "secondary_web_host": null,
            "secondary_web_internet_endpoint": null,
            "secondary_web_internet_host": null,
            "secondary_web_microsoft_endpoint": null,
            "secondary_web_microsoft_host": null,
            "sftp_enabled": false,
            "share_properties": [
              {
                "cors_rule": [],
                "retention_policy": [
                  {
                    "days": 7
                  }
                ],
                "smb": []
              }
            ],
            "shared_access_key_enabled": true,
            "static_website": [],
            "table_encryption_key_type": "Service",
            "tags": {
              "Application": "edh",
              "Division": "ENT",
              "Environment": "prod",
              "Platform": "BWCO"
            },
            "timeouts": null
          },
          "sensitive_attributes": [],
          "private": "eyJlMmJmYjczMC1lY2FhLTExZTYtOGY4OC0zNDM2M2JjN2M0YzAiOnsiY3JlYXRlIjozNjAwMDAwMDAwMDAwLCJkZWxldGUiOjM2MDAwMDAwMDAwMDAsInJlYWQiOjMwMDAwMDAwMDAwMCwidXBkYXRlIjozNjAwMDAwMDAwMDAwfSwic2NoZW1hX3ZlcnNpb24iOiI0In0=",
          "dependencies": [
            "azurerm_key_vault.kv",
            "data.azurerm_client_config.current",
            "data.azurerm_resource_group.primary_rg"
          ]
        }
      ]
    },
    {
      "mode": "managed",
      "type": "azurerm_storage_container",
      "name": "strgconatainers",
      "provider": "provider[\"registry.terraform.io/hashicorp/azurerm\"]",
      "instances": [
        {
          "index_key": "prodcatalog",
          "schema_version": 1,
          "attributes": {
            "container_access_type": "private",
            "has_immutability_policy": false,
            "has_legal_hold": false,
            "id": "https://bwcoentprodedhusedls.blob.core.windows.net/prodcatalog",
            "metadata": {},
            "name": "prodcatalog",
            "resource_manager_id": "/subscriptions/d0cfa11c-65dd-43d8-829c-f883705aba8a/resourceGroups/BWCO-ENT-PROD-EDH/providers/Microsoft.Storage/storageAccounts/bwcoentprodedhusedls/blobServices/default/containers/prodcatalog",
            "storage_account_name": "bwcoentprodedhusedls",
            "timeouts": null
          },
          "sensitive_attributes": [],
          "private": "eyJlMmJmYjczMC1lY2FhLTExZTYtOGY4OC0zNDM2M2JjN2M0YzAiOnsiY3JlYXRlIjoxODAwMDAwMDAwMDAwLCJkZWxldGUiOjE4MDAwMDAwMDAwMDAsInJlYWQiOjMwMDAwMDAwMDAwMCwidXBkYXRlIjoxODAwMDAwMDAwMDAwfSwic2NoZW1hX3ZlcnNpb24iOiIxIn0=",
          "dependencies": [
            "azurerm_key_vault.kv",
            "azurerm_storage_account.datalake",
            "data.azurerm_client_config.current",
            "data.azurerm_resource_group.primary_rg"
          ]
        },
        {
          "index_key": "raw",
          "schema_version": 1,
          "attributes": {
            "container_access_type": "private",
            "has_immutability_policy": false,
            "has_legal_hold": false,
            "id": "https://bwcoentprodedhusedls.blob.core.windows.net/raw",
            "metadata": {},
            "name": "raw",
            "resource_manager_id": "/subscriptions/d0cfa11c-65dd-43d8-829c-f883705aba8a/resourceGroups/BWCO-ENT-PROD-EDH/providers/Microsoft.Storage/storageAccounts/bwcoentprodedhusedls/blobServices/default/containers/raw",
            "storage_account_name": "bwcoentprodedhusedls",
            "timeouts": null
          },
          "sensitive_attributes": [],
          "private": "eyJlMmJmYjczMC1lY2FhLTExZTYtOGY4OC0zNDM2M2JjN2M0YzAiOnsiY3JlYXRlIjoxODAwMDAwMDAwMDAwLCJkZWxldGUiOjE4MDAwMDAwMDAwMDAsInJlYWQiOjMwMDAwMDAwMDAwMCwidXBkYXRlIjoxODAwMDAwMDAwMDAwfSwic2NoZW1hX3ZlcnNpb24iOiIxIn0=",
          "dependencies": [
            "azurerm_key_vault.kv",
            "azurerm_storage_account.datalake",
            "data.azurerm_client_config.current",
            "data.azurerm_resource_group.primary_rg"
          ]
        }
      ]
    },
    {
      "mode": "managed",
      "type": "databricks_cluster",
      "name": "cluster1",
      "provider": "provider[\"registry.terraform.io/databricks/databricks\"]",
      "instances": [
        {
          "schema_version": 2,
          "attributes": {
            "apply_policy_default_values": null,
            "autoscale": [
              {
                "max_workers": 8,
                "min_workers": 1
              }
            ],
            "autotermination_minutes": 60,
            "aws_attributes": [],
            "azure_attributes": [
              {
                "availability": "ON_DEMAND_AZURE",
                "first_on_demand": 1,
                "spot_bid_max_price": -1
              }
            ],
            "cluster_id": "0111-134754-i6wbo10q",
            "cluster_log_conf": [],
            "cluster_mount_info": [],
            "cluster_name": "DataEngineeringCluster",
            "custom_tags": {
              "x_Application": "edh",
              "x_Division": "ENT",
              "x_Environment": "prod",
              "x_Platform": "BWCO"
            },
            "data_security_mode": "USER_ISOLATION",
            "default_tags": {
              "Application": "edh",
              "ClusterId": "0111-134754-i6wbo10q",
              "ClusterName": "DataEngineeringCluster",
              "Creator": "paragpratyush.roy@barry-wehmiller.com",
              "Division": "ENT",
              "Environment": "prod",
              "Platform": "BWCO",
              "Vendor": "Databricks"
            },
            "docker_image": [],
            "driver_instance_pool_id": null,
            "driver_node_type_id": "Standard_DS4_v2",
            "enable_elastic_disk": true,
            "enable_local_disk_encryption": false,
            "gcp_attributes": [],
            "id": "0111-134754-i6wbo10q",
            "idempotency_token": null,
            "init_scripts": [],
            "instance_pool_id": null,
            "is_pinned": false,
            "library": [
              {
                "cran": [],
                "egg": "",
                "jar": "",
                "maven": [],
                "pypi": [
                  {
                    "package": "azure-identity",
                    "repo": ""
                  }
                ],
                "whl": ""
              },
              {
                "cran": [],
                "egg": "",
                "jar": "",
                "maven": [],
                "pypi": [
                  {
                    "package": "azure-mgmt-datafactory",
                    "repo": ""
                  }
                ],
                "whl": ""
              },
              {
                "cran": [],
                "egg": "",
                "jar": "",
                "maven": [],
                "pypi": [
                  {
                    "package": "azure-mgmt-resource",
                    "repo": ""
                  }
                ],
                "whl": ""
              },
              {
                "cran": [],
                "egg": "",
                "jar": "",
                "maven": [],
                "pypi": [
                  {
                    "package": "openpyxl",
                    "repo": ""
                  }
                ],
                "whl": ""
              },
              {
                "cran": [],
                "egg": "",
                "jar": "",
                "maven": [],
                "pypi": [
                  {
                    "package": "sparkaid",
                    "repo": ""
                  }
                ],
                "whl": ""
              },
              {
                "cran": [],
                "egg": "",
                "jar": "",
                "maven": [],
                "pypi": [
                  {
                    "package": "xlrd==1.2.0",
                    "repo": ""
                  }
                ],
                "whl": ""
              }
            ],
            "node_type_id": "Standard_D8as_v5",
            "num_workers": 0,
            "policy_id": null,
            "runtime_engine": null,
            "single_user_name": null,
            "spark_conf": {
              "spark.databricks.delta.autoCompact.enabled": "true",
              "spark.databricks.delta.properties.defaults.enableChangeDataFeed": "true",
              "spark.databricks.io.cache.enabled": "true",
              "spark.databricks.sql.initial.catalog.name": "prod",
              "spark.driver.maxResultSize": "8g",
              "spark.sql.autoBroadcastJoinThreshold": "-1"
            },
            "spark_env_vars": {
              "PYSPARK_PYTHON": "/databricks/python3/bin/python3"
            },
            "spark_version": "13.3.x-scala2.12",
            "ssh_public_keys": null,
            "state": "RUNNING",
            "timeouts": null,
            "url": "https://adb-380634577324647.7.azuredatabricks.net/#setting/clusters/0111-134754-i6wbo10q/configuration",
            "workload_type": []
          },
          "sensitive_attributes": [],
          "private": "eyJlMmJmYjczMC1lY2FhLTExZTYtOGY4OC0zNDM2M2JjN2M0YzAiOnsiY3JlYXRlIjoxODAwMDAwMDAwMDAwLCJkZWxldGUiOjE4MDAwMDAwMDAwMDAsInVwZGF0ZSI6MTgwMDAwMDAwMDAwMH0sInNjaGVtYV92ZXJzaW9uIjoiMiJ9",
          "dependencies": [
            "azurerm_databricks_workspace.dbw",
            "data.azurerm_resource_group.primary_rg"
          ]
        }
      ]
    },
    {
      "mode": "managed",
      "type": "databricks_sql_endpoint",
      "name": "sql_warehouse",
      "provider": "provider[\"registry.terraform.io/databricks/databricks\"]",
      "instances": [
        {
          "schema_version": 0,
          "attributes": {
            "auto_stop_mins": 30,
            "channel": [],
            "cluster_size": "Small",
            "creator_name": "paragpratyush.roy@barry-wehmiller.com",
            "data_source_id": "a24027bf-d7b8-4516-be85-8b83439da885",
            "enable_photon": true,
            "enable_serverless_compute": true,
            "health": [
              {
                "details": "",
                "failure_reason": [],
                "message": "",
                "status": "HEALTHY",
                "summary": ""
              }
            ],
            "id": "ac2617aae5170ae5",
            "instance_profile_arn": null,
            "jdbc_url": "jdbc:spark://adb-380634577324647.7.azuredatabricks.net:443/default;transportMode=http;ssl=1;AuthMech=3;httpPath=/sql/1.0/warehouses/ac2617aae5170ae5;",
            "max_num_clusters": 1,
            "min_num_clusters": 1,
            "name": "sql-warehouse-edh-prod",
            "num_active_sessions": 0,
            "num_clusters": 1,
            "odbc_params": [
              {
                "hostname": "adb-380634577324647.7.azuredatabricks.net",
                "path": "/sql/1.0/warehouses/ac2617aae5170ae5",
                "port": 443,
                "protocol": "https"
              }
            ],
            "spot_instance_policy": "COST_OPTIMIZED",
            "state": "RUNNING",
            "tags": [
              {
                "custom_tags": []
              }
            ],
            "timeouts": null,
            "warehouse_type": "PRO"
          },
          "sensitive_attributes": [],
          "private": "eyJlMmJmYjczMC1lY2FhLTExZTYtOGY4OC0zNDM2M2JjN2M0YzAiOnsiY3JlYXRlIjoxODAwMDAwMDAwMDAwfX0=",
          "dependencies": [
            "azurerm_databricks_workspace.dbw",
            "data.azurerm_resource_group.primary_rg"
          ]
        }
      ]
    },
    {
      "mode": "managed",
      "type": "random_password",
      "name": "sql_pwd",
      "provider": "provider[\"registry.terraform.io/hashicorp/random\"]",
      "instances": [
        {
          "schema_version": 3,
          "attributes": {
            "bcrypt_hash": "$2a$10$GVjRFLE2nMz49kAYdTx8e.nPMlNlQtEDmsy4KcmSDtp3PqIynj1/a",
            "id": "none",
            "keepers": null,
            "length": 30,
            "lower": true,
            "min_lower": 0,
            "min_numeric": 0,
            "min_special": 0,
            "min_upper": 0,
            "number": true,
            "numeric": true,
            "override_special": "_%@#*\u0026^",
            "result": "Y6bR%TDDH6Db55LYFdso_IH4kF6bl^",
            "special": true,
            "upper": true
          },
          "sensitive_attributes": []
        }
      ]
    }
  ],
  "check_results": null
}
